
Microsoft Visual Studio Solution File, Format Version 12.00
# Visual Studio 14
VisualStudioVersion = 14.0.25420.1
MinimumVisualStudioVersion = 10.0.40219.1
Project("{FAE04EC0-301F-11D3-BF4B-00C04F79EFBC}") = "MyApp", "src\MyApp\MyApp.csproj", "{0E86711A-7FC8-4B36-8095-81632B726A06}"
EndProject
Project("{FAE04EC0-301F-11D3-BF4B-00C04F79EFBC}") = "MyApp.Android", "src\MyApp.Android\MyApp.Android.csproj", "{B58EA25C-F476-4B84-A88B-7D5AF2E89476}"
EndProject
Project("{FAE04EC0-301F-11D3-BF4B-00C04F79EFBC}") = "MyApp.iOS", "src\MyApp.iOS\MyApp.iOS.csproj", "{7ED39DB2-4544-43D1-9528-5043310BDCC9}"
EndProject
Project("{FAE04EC0-301F-11D3-BF4B-00C04F79EFBC}") = "MyApp.WinPhone", "src\MyApp.WinPhone\MyApp.WinPhone.csproj", "{36652A04-514D-4626-92FE-AE5A89E5C159}"
EndProject
Project("{FAE04EC0-301F-11D3-BF4B-00C04F79EFBC}") = "MyApp.UWP", "src\MyApp.UWP\MyApp.UWP.csproj", "{B6863084-312D-45BA-8760-77D98AFDE0AF}"
EndProject
Project("{FAE04EC0-301F-11D3-BF4B-00C04F79EFBC}") = "MyApp.Windows", "src\MyApp.Windows\MyApp.Windows.csproj", "{2D7856D7-EA47-4C23-8141-804272EC672E}"
EndProject
Project("{D954291E-2A0B-460D-934E-DC6B0785DB48}") = ".repo", ".repo.shproj", "{285137F3-5463-4B9F-9236-DB7E65807484}"
EndProject
Project("{2150E333-8FDC-42A3-9474-1A3956D46DE8}") = "src", "src", "{5C1DA352-D1AA-4DB9-9622-C4D07E456C85}"
EndProject
Project("{D954291E-2A0B-460D-934E-DC6B0785DB48}") = "mxbuild", "sub\mxbuild\mxbuild.shproj", "{2FDD0418-FA09-4556-B6ED-10E07C1F6DB9}"
EndProject
Project("{FAE04EC0-301F-11D3-BF4B-00C04F79EFBC}") = "MyApp.Android.Debug", "src\MyApp.Android.Debug\MyApp.Android.Debug.csproj", "{DA7C5A33-EA06-4CBB-9D05-C843A885A925}"
EndProject
Project("{FAE04EC0-301F-11D3-BF4B-00C04F79EFBC}") = "MyApp.iOS.Debug", "src\MyApp.iOS.Debug\MyApp.iOS.Debug.csproj", "{2E151525-AC35-4711-B418-C360F8B34931}"
EndProject
Global
	GlobalSection(SharedMSBuildProjectFiles) = preSolution
		.repo.projitems*{285137f3-5463-4b9f-9236-db7e65807484}*SharedItemsImports = 13
		sub\mxbuild\mxbuild.projitems*{2fdd0418-fa09-4556-b6ed-10e07c1f6db9}*SharedItemsImports = 13
	EndGlobalSection
	GlobalSection(SolutionConfigurationPlatforms) = preSolution
		Ad-Hoc|Any CPU = Ad-Hoc|Any CPU
		Ad-Hoc|ARM = Ad-Hoc|ARM
		Ad-Hoc|iPhone = Ad-Hoc|iPhone
		Ad-Hoc|iPhoneSimulator = Ad-Hoc|iPhoneSimulator
		Ad-Hoc|monodroid.app = Ad-Hoc|monodroid.app
		Ad-Hoc|pack = Ad-Hoc|pack
		Ad-Hoc|x64 = Ad-Hoc|x64
		Ad-Hoc|x86 = Ad-Hoc|x86
		AppStore|Any CPU = AppStore|Any CPU
		AppStore|ARM = AppStore|ARM
		AppStore|iPhone = AppStore|iPhone
		AppStore|iPhoneSimulator = AppStore|iPhoneSimulator
		AppStore|monodroid.app = AppStore|monodroid.app
		AppStore|pack = AppStore|pack
		AppStore|x64 = AppStore|x64
		AppStore|x86 = AppStore|x86
		Debug|Any CPU = Debug|Any CPU
		Debug|ARM = Debug|ARM
		Debug|iPhone = Debug|iPhone
		Debug|iPhoneSimulator = Debug|iPhoneSimulator
		Debug|monodroid.app = Debug|monodroid.app
		Debug|pack = Debug|pack
		Debug|x64 = Debug|x64
		Debug|x86 = Debug|x86
		Release|Any CPU = Release|Any CPU
		Release|ARM = Release|ARM
		Release|iPhone = Release|iPhone
		Release|iPhoneSimulator = Release|iPhoneSimulator
		Release|monodroid.app = Release|monodroid.app
		Release|pack = Release|pack
		Release|x64 = Release|x64
		Release|x86 = Release|x86
	EndGlobalSection
	GlobalSection(ProjectConfigurationPlatforms) = postSolution
		{0E86711A-7FC8-4B36-8095-81632B726A06}.Ad-Hoc|Any CPU.ActiveCfg = Release|Any CPU
		{0E86711A-7FC8-4B36-8095-81632B726A06}.Ad-Hoc|Any CPU.Build.0 = Release|Any CPU
		{0E86711A-7FC8-4B36-8095-81632B726A06}.Ad-Hoc|ARM.ActiveCfg = Release|Any CPU
		{0E86711A-7FC8-4B36-8095-81632B726A06}.Ad-Hoc|ARM.Build.0 = Release|Any CPU
		{0E86711A-7FC8-4B36-8095-81632B726A06}.Ad-Hoc|iPhone.ActiveCfg = Release|Any CPU
		{0E86711A-7FC8-4B36-8095-81632B726A06}.Ad-Hoc|iPhone.Build.0 = Release|Any CPU
		{0E86711A-7FC8-4B36-8095-81632B726A06}.Ad-Hoc|iPhoneSimulator.ActiveCfg = Release|Any CPU
		{0E86711A-7FC8-4B36-8095-81632B726A06}.Ad-Hoc|iPhoneSimulator.Build.0 = Release|Any CPU
		{0E86711A-7FC8-4B36-8095-81632B726A06}.Ad-Hoc|monodroid.app.ActiveCfg = Debug|Any CPU
		{0E86711A-7FC8-4B36-8095-81632B726A06}.Ad-Hoc|pack.ActiveCfg = Debug|Any CPU
		{0E86711A-7FC8-4B36-8095-81632B726A06}.Ad-Hoc|x64.ActiveCfg = Release|Any CPU
		{0E86711A-7FC8-4B36-8095-81632B726A06}.Ad-Hoc|x64.Build.0 = Release|Any CPU
		{0E86711A-7FC8-4B36-8095-81632B726A06}.Ad-Hoc|x86.ActiveCfg = Release|Any CPU
		{0E86711A-7FC8-4B36-8095-81632B726A06}.Ad-Hoc|x86.Build.0 = Release|Any CPU
		{0E86711A-7FC8-4B36-8095-81632B726A06}.AppStore|Any CPU.ActiveCfg = Release|Any CPU
		{0E86711A-7FC8-4B36-8095-81632B726A06}.AppStore|Any CPU.Build.0 = Release|Any CPU
		{0E86711A-7FC8-4B36-8095-81632B726A06}.AppStore|ARM.ActiveCfg = Release|Any CPU
		{0E86711A-7FC8-4B36-8095-81632B726A06}.AppStore|ARM.Build.0 = Release|Any CPU
		{0E86711A-7FC8-4B36-8095-81632B726A06}.AppStore|iPhone.ActiveCfg = Release|Any CPU
		{0E86711A-7FC8-4B36-8095-81632B726A06}.AppStore|iPhone.Build.0 = Release|Any CPU
		{0E86711A-7FC8-4B36-8095-81632B726A06}.AppStore|iPhoneSimulator.ActiveCfg = Release|Any CPU
		{0E86711A-7FC8-4B36-8095-81632B726A06}.AppStore|iPhoneSimulator.Build.0 = Release|Any CPU
		{0E86711A-7FC8-4B36-8095-81632B726A06}.AppStore|monodroid.app.ActiveCfg = Debug|Any CPU
		{0E86711A-7FC8-4B36-8095-81632B726A06}.AppStore|pack.ActiveCfg = Debug|Any CPU
		{0E86711A-7FC8-4B36-8095-81632B726A06}.AppStore|x64.ActiveCfg = Release|Any CPU
		{0E86711A-7FC8-4B36-8095-81632B726A06}.AppStore|x64.Build.0 = Release|Any CPU
		{0E86711A-7FC8-4B36-8095-81632B726A06}.AppStore|x86.ActiveCfg = Release|Any CPU
		{0E86711A-7FC8-4B36-8095-81632B726A06}.AppStore|x86.Build.0 = Release|Any CPU
		{0E86711A-7FC8-4B36-8095-81632B726A06}.Debug|Any CPU.ActiveCfg = Debug|Any CPU
		{0E86711A-7FC8-4B36-8095-81632B726A06}.Debug|Any CPU.Build.0 = Debug|Any CPU
		{0E86711A-7FC8-4B36-8095-81632B726A06}.Debug|ARM.ActiveCfg = Debug|Any CPU
		{0E86711A-7FC8-4B36-8095-81632B726A06}.Debug|ARM.Build.0 = Debug|Any CPU
		{0E86711A-7FC8-4B36-8095-81632B726A06}.Debug|iPhone.ActiveCfg = Debug|Any CPU
		{0E86711A-7FC8-4B36-8095-81632B726A06}.Debug|iPhone.Build.0 = Debug|Any CPU
		{0E86711A-7FC8-4B36-8095-81632B726A06}.Debug|iPhoneSimulator.ActiveCfg = Debug|Any CPU
		{0E86711A-7FC8-4B36-8095-81632B726A06}.Debug|iPhoneSimulator.Build.0 = Debug|Any CPU
		{0E86711A-7FC8-4B36-8095-81632B726A06}.Debug|monodroid.app.ActiveCfg = Debug|Any CPU
		{0E86711A-7FC8-4B36-8095-81632B726A06}.Debug|pack.ActiveCfg = Debug|Any CPU
		{0E86711A-7FC8-4B36-8095-81632B726A06}.Debug|x64.ActiveCfg = Debug|Any CPU
		{0E86711A-7FC8-4B36-8095-81632B726A06}.Debug|x64.Build.0 = Debug|Any CPU
		{0E86711A-7FC8-4B36-8095-81632B726A06}.Debug|x86.ActiveCfg = Debug|Any CPU
		{0E86711A-7FC8-4B36-8095-81632B726A06}.Debug|x86.Build.0 = Debug|Any CPU
		{0E86711A-7FC8-4B36-8095-81632B726A06}.Release|Any CPU.ActiveCfg = Release|Any CPU
		{0E86711A-7FC8-4B36-8095-81632B726A06}.Release|Any CPU.Build.0 = Release|Any CPU
		{0E86711A-7FC8-4B36-8095-81632B726A06}.Release|ARM.ActiveCfg = Release|Any CPU
		{0E86711A-7FC8-4B36-8095-81632B726A06}.Release|ARM.Build.0 = Release|Any CPU
		{0E86711A-7FC8-4B36-8095-81632B726A06}.Release|iPhone.ActiveCfg = Release|Any CPU
		{0E86711A-7FC8-4B36-8095-81632B726A06}.Release|iPhone.Build.0 = Release|Any CPU
		{0E86711A-7FC8-4B36-8095-81632B726A06}.Release|iPhoneSimulator.ActiveCfg = Release|Any CPU
		{0E86711A-7FC8-4B36-8095-81632B726A06}.Release|iPhoneSimulator.Build.0 = Release|Any CPU
		{0E86711A-7FC8-4B36-8095-81632B726A06}.Release|monodroid.app.ActiveCfg = Release|Any CPU
		{0E86711A-7FC8-4B36-8095-81632B726A06}.Release|pack.ActiveCfg = Release|Any CPU
		{0E86711A-7FC8-4B36-8095-81632B726A06}.Release|x64.ActiveCfg = Release|Any CPU
		{0E86711A-7FC8-4B36-8095-81632B726A06}.Release|x64.Build.0 = Release|Any CPU
		{0E86711A-7FC8-4B36-8095-81632B726A06}.Release|x86.ActiveCfg = Release|Any CPU
		{0E86711A-7FC8-4B36-8095-81632B726A06}.Release|x86.Build.0 = Release|Any CPU
		{B58EA25C-F476-4B84-A88B-7D5AF2E89476}.Ad-Hoc|Any CPU.ActiveCfg = Release|pack
		{B58EA25C-F476-4B84-A88B-7D5AF2E89476}.Ad-Hoc|Any CPU.Build.0 = Release|pack
		{B58EA25C-F476-4B84-A88B-7D5AF2E89476}.Ad-Hoc|Any CPU.Deploy.0 = Release|pack
		{B58EA25C-F476-4B84-A88B-7D5AF2E89476}.Ad-Hoc|ARM.ActiveCfg = Release|pack
		{B58EA25C-F476-4B84-A88B-7D5AF2E89476}.Ad-Hoc|ARM.Build.0 = Release|pack
		{B58EA25C-F476-4B84-A88B-7D5AF2E89476}.Ad-Hoc|ARM.Deploy.0 = Release|pack
		{B58EA25C-F476-4B84-A88B-7D5AF2E89476}.Ad-Hoc|iPhone.ActiveCfg = Release|pack
		{B58EA25C-F476-4B84-A88B-7D5AF2E89476}.Ad-Hoc|iPhone.Build.0 = Release|pack
		{B58EA25C-F476-4B84-A88B-7D5AF2E89476}.Ad-Hoc|iPhone.Deploy.0 = Release|pack
		{B58EA25C-F476-4B84-A88B-7D5AF2E89476}.Ad-Hoc|iPhoneSimulator.ActiveCfg = Release|pack
		{B58EA25C-F476-4B84-A88B-7D5AF2E89476}.Ad-Hoc|iPhoneSimulator.Build.0 = Release|pack
		{B58EA25C-F476-4B84-A88B-7D5AF2E89476}.Ad-Hoc|iPhoneSimulator.Deploy.0 = Release|pack
		{B58EA25C-F476-4B84-A88B-7D5AF2E89476}.Ad-Hoc|monodroid.app.ActiveCfg = release|monodroid.app
		{B58EA25C-F476-4B84-A88B-7D5AF2E89476}.Ad-Hoc|monodroid.app.Build.0 = release|monodroid.app
		{B58EA25C-F476-4B84-A88B-7D5AF2E89476}.Ad-Hoc|monodroid.app.Deploy.0 = release|monodroid.app
		{B58EA25C-F476-4B84-A88B-7D5AF2E89476}.Ad-Hoc|pack.ActiveCfg = Debug|pack
		{B58EA25C-F476-4B84-A88B-7D5AF2E89476}.Ad-Hoc|pack.Build.0 = Debug|pack
		{B58EA25C-F476-4B84-A88B-7D5AF2E89476}.Ad-Hoc|pack.Deploy.0 = Debug|pack
		{B58EA25C-F476-4B84-A88B-7D5AF2E89476}.Ad-Hoc|x64.ActiveCfg = Release|pack
		{B58EA25C-F476-4B84-A88B-7D5AF2E89476}.Ad-Hoc|x64.Build.0 = Release|pack
		{B58EA25C-F476-4B84-A88B-7D5AF2E89476}.Ad-Hoc|x64.Deploy.0 = Release|pack
		{B58EA25C-F476-4B84-A88B-7D5AF2E89476}.Ad-Hoc|x86.ActiveCfg = Release|pack
		{B58EA25C-F476-4B84-A88B-7D5AF2E89476}.Ad-Hoc|x86.Build.0 = Release|pack
		{B58EA25C-F476-4B84-A88B-7D5AF2E89476}.Ad-Hoc|x86.Deploy.0 = Release|pack
		{B58EA25C-F476-4B84-A88B-7D5AF2E89476}.AppStore|Any CPU.ActiveCfg = Release|pack
		{B58EA25C-F476-4B84-A88B-7D5AF2E89476}.AppStore|Any CPU.Build.0 = Release|pack
		{B58EA25C-F476-4B84-A88B-7D5AF2E89476}.AppStore|Any CPU.Deploy.0 = Release|pack
		{B58EA25C-F476-4B84-A88B-7D5AF2E89476}.AppStore|ARM.ActiveCfg = Release|pack
		{B58EA25C-F476-4B84-A88B-7D5AF2E89476}.AppStore|ARM.Build.0 = Release|pack
		{B58EA25C-F476-4B84-A88B-7D5AF2E89476}.AppStore|ARM.Deploy.0 = Release|pack
		{B58EA25C-F476-4B84-A88B-7D5AF2E89476}.AppStore|iPhone.ActiveCfg = Release|pack
		{B58EA25C-F476-4B84-A88B-7D5AF2E89476}.AppStore|iPhone.Build.0 = Release|pack
		{B58EA25C-F476-4B84-A88B-7D5AF2E89476}.AppStore|iPhone.Deploy.0 = Release|pack
		{B58EA25C-F476-4B84-A88B-7D5AF2E89476}.AppStore|iPhoneSimulator.ActiveCfg = Release|pack
		{B58EA25C-F476-4B84-A88B-7D5AF2E89476}.AppStore|iPhoneSimulator.Build.0 = Release|pack
		{B58EA25C-F476-4B84-A88B-7D5AF2E89476}.AppStore|iPhoneSimulator.Deploy.0 = Release|pack
		{B58EA25C-F476-4B84-A88B-7D5AF2E89476}.AppStore|monodroid.app.ActiveCfg = release|monodroid.app
		{B58EA25C-F476-4B84-A88B-7D5AF2E89476}.AppStore|monodroid.app.Build.0 = release|monodroid.app
		{B58EA25C-F476-4B84-A88B-7D5AF2E89476}.AppStore|monodroid.app.Deploy.0 = release|monodroid.app
		{B58EA25C-F476-4B84-A88B-7D5AF2E89476}.AppStore|pack.ActiveCfg = Debug|pack
		{B58EA25C-F476-4B84-A88B-7D5AF2E89476}.AppStore|pack.Build.0 = Debug|pack
		{B58EA25C-F476-4B84-A88B-7D5AF2E89476}.AppStore|pack.Deploy.0 = Debug|pack
		{B58EA25C-F476-4B84-A88B-7D5AF2E89476}.AppStore|x64.ActiveCfg = Release|pack
		{B58EA25C-F476-4B84-A88B-7D5AF2E89476}.AppStore|x64.Build.0 = Release|pack
		{B58EA25C-F476-4B84-A88B-7D5AF2E89476}.AppStore|x64.Deploy.0 = Release|pack
		{B58EA25C-F476-4B84-A88B-7D5AF2E89476}.AppStore|x86.ActiveCfg = Release|pack
		{B58EA25C-F476-4B84-A88B-7D5AF2E89476}.AppStore|x86.Build.0 = Release|pack
		{B58EA25C-F476-4B84-A88B-7D5AF2E89476}.AppStore|x86.Deploy.0 = Release|pack
		{B58EA25C-F476-4B84-A88B-7D5AF2E89476}.Debug|Any CPU.ActiveCfg = debug|Any CPU
		{B58EA25C-F476-4B84-A88B-7D5AF2E89476}.Debug|Any CPU.Build.0 = debug|Any CPU
		{B58EA25C-F476-4B84-A88B-7D5AF2E89476}.Debug|Any CPU.Deploy.0 = debug|Any CPU
		{B58EA25C-F476-4B84-A88B-7D5AF2E89476}.Debug|ARM.ActiveCfg = Debug|pack
		{B58EA25C-F476-4B84-A88B-7D5AF2E89476}.Debug|iPhone.ActiveCfg = Debug|pack
		{B58EA25C-F476-4B84-A88B-7D5AF2E89476}.Debug|iPhoneSimulator.ActiveCfg = debug|monodroid.app
		{B58EA25C-F476-4B84-A88B-7D5AF2E89476}.Debug|monodroid.app.ActiveCfg = debug|monodroid.app
		{B58EA25C-F476-4B84-A88B-7D5AF2E89476}.Debug|monodroid.app.Build.0 = debug|monodroid.app
		{B58EA25C-F476-4B84-A88B-7D5AF2E89476}.Debug|monodroid.app.Deploy.0 = debug|monodroid.app
		{B58EA25C-F476-4B84-A88B-7D5AF2E89476}.Debug|pack.ActiveCfg = Debug|pack
		{B58EA25C-F476-4B84-A88B-7D5AF2E89476}.Debug|pack.Build.0 = Debug|pack
		{B58EA25C-F476-4B84-A88B-7D5AF2E89476}.Debug|pack.Deploy.0 = Debug|pack
		{B58EA25C-F476-4B84-A88B-7D5AF2E89476}.Debug|x64.ActiveCfg = Debug|pack
		{B58EA25C-F476-4B84-A88B-7D5AF2E89476}.Debug|x86.ActiveCfg = Debug|pack
		{B58EA25C-F476-4B84-A88B-7D5AF2E89476}.Release|Any CPU.ActiveCfg = Release|pack
		{B58EA25C-F476-4B84-A88B-7D5AF2E89476}.Release|ARM.ActiveCfg = Release|pack
		{B58EA25C-F476-4B84-A88B-7D5AF2E89476}.Release|iPhone.ActiveCfg = Release|pack
		{B58EA25C-F476-4B84-A88B-7D5AF2E89476}.Release|iPhoneSimulator.ActiveCfg = Release|pack
		{B58EA25C-F476-4B84-A88B-7D5AF2E89476}.Release|monodroid.app.ActiveCfg = release|monodroid.app
		{B58EA25C-F476-4B84-A88B-7D5AF2E89476}.Release|monodroid.app.Build.0 = release|monodroid.app
		{B58EA25C-F476-4B84-A88B-7D5AF2E89476}.Release|monodroid.app.Deploy.0 = release|monodroid.app
		{B58EA25C-F476-4B84-A88B-7D5AF2E89476}.Release|pack.ActiveCfg = Release|pack
		{B58EA25C-F476-4B84-A88B-7D5AF2E89476}.Release|pack.Build.0 = Release|pack
		{B58EA25C-F476-4B84-A88B-7D5AF2E89476}.Release|pack.Deploy.0 = Release|pack
		{B58EA25C-F476-4B84-A88B-7D5AF2E89476}.Release|x64.ActiveCfg = Release|pack
		{B58EA25C-F476-4B84-A88B-7D5AF2E89476}.Release|x86.ActiveCfg = Release|pack
		{7ED39DB2-4544-43D1-9528-5043310BDCC9}.Ad-Hoc|Any CPU.ActiveCfg = release|pack
		{7ED39DB2-4544-43D1-9528-5043310BDCC9}.Ad-Hoc|Any CPU.Build.0 = release|pack
		{7ED39DB2-4544-43D1-9528-5043310BDCC9}.Ad-Hoc|ARM.ActiveCfg = release|pack
		{7ED39DB2-4544-43D1-9528-5043310BDCC9}.Ad-Hoc|ARM.Build.0 = release|pack
		{7ED39DB2-4544-43D1-9528-5043310BDCC9}.Ad-Hoc|iPhone.ActiveCfg = release|pack
		{7ED39DB2-4544-43D1-9528-5043310BDCC9}.Ad-Hoc|iPhone.Build.0 = release|pack
		{7ED39DB2-4544-43D1-9528-5043310BDCC9}.Ad-Hoc|iPhoneSimulator.ActiveCfg = release|pack
		{7ED39DB2-4544-43D1-9528-5043310BDCC9}.Ad-Hoc|iPhoneSimulator.Build.0 = release|pack
		{7ED39DB2-4544-43D1-9528-5043310BDCC9}.Ad-Hoc|monodroid.app.ActiveCfg = release|pack
		{7ED39DB2-4544-43D1-9528-5043310BDCC9}.Ad-Hoc|monodroid.app.Build.0 = release|pack
		{7ED39DB2-4544-43D1-9528-5043310BDCC9}.Ad-Hoc|pack.ActiveCfg = release|pack
		{7ED39DB2-4544-43D1-9528-5043310BDCC9}.Ad-Hoc|pack.Build.0 = release|pack
		{7ED39DB2-4544-43D1-9528-5043310BDCC9}.Ad-Hoc|x64.ActiveCfg = release|pack
		{7ED39DB2-4544-43D1-9528-5043310BDCC9}.Ad-Hoc|x64.Build.0 = release|pack
		{7ED39DB2-4544-43D1-9528-5043310BDCC9}.Ad-Hoc|x86.ActiveCfg = release|pack
		{7ED39DB2-4544-43D1-9528-5043310BDCC9}.Ad-Hoc|x86.Build.0 = release|pack
		{7ED39DB2-4544-43D1-9528-5043310BDCC9}.AppStore|Any CPU.ActiveCfg = release|pack
		{7ED39DB2-4544-43D1-9528-5043310BDCC9}.AppStore|Any CPU.Build.0 = release|pack
		{7ED39DB2-4544-43D1-9528-5043310BDCC9}.AppStore|ARM.ActiveCfg = release|pack
		{7ED39DB2-4544-43D1-9528-5043310BDCC9}.AppStore|ARM.Build.0 = release|pack
		{7ED39DB2-4544-43D1-9528-5043310BDCC9}.AppStore|iPhone.ActiveCfg = release|pack
		{7ED39DB2-4544-43D1-9528-5043310BDCC9}.AppStore|iPhone.Build.0 = release|pack
		{7ED39DB2-4544-43D1-9528-5043310BDCC9}.AppStore|iPhoneSimulator.ActiveCfg = release|pack
		{7ED39DB2-4544-43D1-9528-5043310BDCC9}.AppStore|iPhoneSimulator.Build.0 = release|pack
		{7ED39DB2-4544-43D1-9528-5043310BDCC9}.AppStore|monodroid.app.ActiveCfg = release|pack
		{7ED39DB2-4544-43D1-9528-5043310BDCC9}.AppStore|monodroid.app.Build.0 = release|pack
		{7ED39DB2-4544-43D1-9528-5043310BDCC9}.AppStore|pack.ActiveCfg = release|pack
		{7ED39DB2-4544-43D1-9528-5043310BDCC9}.AppStore|pack.Build.0 = release|pack
		{7ED39DB2-4544-43D1-9528-5043310BDCC9}.AppStore|x64.ActiveCfg = release|pack
		{7ED39DB2-4544-43D1-9528-5043310BDCC9}.AppStore|x64.Build.0 = release|pack
		{7ED39DB2-4544-43D1-9528-5043310BDCC9}.AppStore|x86.ActiveCfg = release|pack
		{7ED39DB2-4544-43D1-9528-5043310BDCC9}.AppStore|x86.Build.0 = release|pack
		{7ED39DB2-4544-43D1-9528-5043310BDCC9}.Debug|Any CPU.ActiveCfg = debug|pack
		{7ED39DB2-4544-43D1-9528-5043310BDCC9}.Debug|ARM.ActiveCfg = debug|pack
		{7ED39DB2-4544-43D1-9528-5043310BDCC9}.Debug|iPhone.ActiveCfg = debug|xamarin.ios.sim
		{7ED39DB2-4544-43D1-9528-5043310BDCC9}.Debug|iPhone.Build.0 = debug|xamarin.ios.sim
		{7ED39DB2-4544-43D1-9528-5043310BDCC9}.Debug|iPhoneSimulator.ActiveCfg = debug|xamarin.ios.sim
		{7ED39DB2-4544-43D1-9528-5043310BDCC9}.Debug|iPhoneSimulator.Build.0 = debug|xamarin.ios.sim
		{7ED39DB2-4544-43D1-9528-5043310BDCC9}.Debug|monodroid.app.ActiveCfg = debug|pack
		{7ED39DB2-4544-43D1-9528-5043310BDCC9}.Debug|pack.ActiveCfg = debug|pack
		{7ED39DB2-4544-43D1-9528-5043310BDCC9}.Debug|pack.Build.0 = debug|pack
		{7ED39DB2-4544-43D1-9528-5043310BDCC9}.Debug|x64.ActiveCfg = debug|pack
		{7ED39DB2-4544-43D1-9528-5043310BDCC9}.Debug|x86.ActiveCfg = debug|pack
		{7ED39DB2-4544-43D1-9528-5043310BDCC9}.Release|Any CPU.ActiveCfg = release|pack
		{7ED39DB2-4544-43D1-9528-5043310BDCC9}.Release|ARM.ActiveCfg = release|pack
		{7ED39DB2-4544-43D1-9528-5043310BDCC9}.Release|iPhone.ActiveCfg = release|pack
		{7ED39DB2-4544-43D1-9528-5043310BDCC9}.Release|iPhoneSimulator.ActiveCfg = release|pack
		{7ED39DB2-4544-43D1-9528-5043310BDCC9}.Release|monodroid.app.ActiveCfg = release|pack
		{7ED39DB2-4544-43D1-9528-5043310BDCC9}.Release|pack.ActiveCfg = release|pack
		{7ED39DB2-4544-43D1-9528-5043310BDCC9}.Release|pack.Build.0 = release|pack
		{7ED39DB2-4544-43D1-9528-5043310BDCC9}.Release|x64.ActiveCfg = release|pack
		{7ED39DB2-4544-43D1-9528-5043310BDCC9}.Release|x86.ActiveCfg = release|pack
		{36652A04-514D-4626-92FE-AE5A89E5C159}.Ad-Hoc|Any CPU.ActiveCfg = Release|Any CPU
		{36652A04-514D-4626-92FE-AE5A89E5C159}.Ad-Hoc|Any CPU.Build.0 = Release|Any CPU
		{36652A04-514D-4626-92FE-AE5A89E5C159}.Ad-Hoc|Any CPU.Deploy.0 = Release|Any CPU
		{36652A04-514D-4626-92FE-AE5A89E5C159}.Ad-Hoc|ARM.ActiveCfg = Release|ARM
		{36652A04-514D-4626-92FE-AE5A89E5C159}.Ad-Hoc|ARM.Build.0 = Release|ARM
		{36652A04-514D-4626-92FE-AE5A89E5C159}.Ad-Hoc|ARM.Deploy.0 = Release|ARM
		{36652A04-514D-4626-92FE-AE5A89E5C159}.Ad-Hoc|iPhone.ActiveCfg = Release|Any CPU
		{36652A04-514D-4626-92FE-AE5A89E5C159}.Ad-Hoc|iPhone.Build.0 = Release|Any CPU
		{36652A04-514D-4626-92FE-AE5A89E5C159}.Ad-Hoc|iPhone.Deploy.0 = Release|Any CPU
		{36652A04-514D-4626-92FE-AE5A89E5C159}.Ad-Hoc|iPhoneSimulator.ActiveCfg = Release|Any CPU
		{36652A04-514D-4626-92FE-AE5A89E5C159}.Ad-Hoc|iPhoneSimulator.Build.0 = Release|Any CPU
		{36652A04-514D-4626-92FE-AE5A89E5C159}.Ad-Hoc|iPhoneSimulator.Deploy.0 = Release|Any CPU
		{36652A04-514D-4626-92FE-AE5A89E5C159}.Ad-Hoc|monodroid.app.ActiveCfg = Debug|Any CPU
		{36652A04-514D-4626-92FE-AE5A89E5C159}.Ad-Hoc|pack.ActiveCfg = Debug|Any CPU
		{36652A04-514D-4626-92FE-AE5A89E5C159}.Ad-Hoc|x64.ActiveCfg = Release|Any CPU
		{36652A04-514D-4626-92FE-AE5A89E5C159}.Ad-Hoc|x64.Build.0 = Release|Any CPU
		{36652A04-514D-4626-92FE-AE5A89E5C159}.Ad-Hoc|x64.Deploy.0 = Release|Any CPU
		{36652A04-514D-4626-92FE-AE5A89E5C159}.Ad-Hoc|x86.ActiveCfg = Release|x86
		{36652A04-514D-4626-92FE-AE5A89E5C159}.Ad-Hoc|x86.Build.0 = Release|x86
		{36652A04-514D-4626-92FE-AE5A89E5C159}.Ad-Hoc|x86.Deploy.0 = Release|x86
		{36652A04-514D-4626-92FE-AE5A89E5C159}.AppStore|Any CPU.ActiveCfg = Release|Any CPU
		{36652A04-514D-4626-92FE-AE5A89E5C159}.AppStore|Any CPU.Build.0 = Release|Any CPU
		{36652A04-514D-4626-92FE-AE5A89E5C159}.AppStore|Any CPU.Deploy.0 = Release|Any CPU
		{36652A04-514D-4626-92FE-AE5A89E5C159}.AppStore|ARM.ActiveCfg = Release|ARM
		{36652A04-514D-4626-92FE-AE5A89E5C159}.AppStore|ARM.Build.0 = Release|ARM
		{36652A04-514D-4626-92FE-AE5A89E5C159}.AppStore|ARM.Deploy.0 = Release|ARM
		{36652A04-514D-4626-92FE-AE5A89E5C159}.AppStore|iPhone.ActiveCfg = Release|Any CPU
		{36652A04-514D-4626-92FE-AE5A89E5C159}.AppStore|iPhone.Build.0 = Release|Any CPU
		{36652A04-514D-4626-92FE-AE5A89E5C159}.AppStore|iPhone.Deploy.0 = Release|Any CPU
		{36652A04-514D-4626-92FE-AE5A89E5C159}.AppStore|iPhoneSimulator.ActiveCfg = Release|Any CPU
		{36652A04-514D-4626-92FE-AE5A89E5C159}.AppStore|iPhoneSimulator.Build.0 = Release|Any CPU
		{36652A04-514D-4626-92FE-AE5A89E5C159}.AppStore|iPhoneSimulator.Deploy.0 = Release|Any CPU
		{36652A04-514D-4626-92FE-AE5A89E5C159}.AppStore|monodroid.app.ActiveCfg = Debug|Any CPU
		{36652A04-514D-4626-92FE-AE5A89E5C159}.AppStore|pack.ActiveCfg = Debug|Any CPU
		{36652A04-514D-4626-92FE-AE5A89E5C159}.AppStore|x64.ActiveCfg = Release|Any CPU
		{36652A04-514D-4626-92FE-AE5A89E5C159}.AppStore|x64.Build.0 = Release|Any CPU
		{36652A04-514D-4626-92FE-AE5A89E5C159}.AppStore|x64.Deploy.0 = Release|Any CPU
		{36652A04-514D-4626-92FE-AE5A89E5C159}.AppStore|x86.ActiveCfg = Release|x86
		{36652A04-514D-4626-92FE-AE5A89E5C159}.AppStore|x86.Build.0 = Release|x86
		{36652A04-514D-4626-92FE-AE5A89E5C159}.AppStore|x86.Deploy.0 = Release|x86
		{36652A04-514D-4626-92FE-AE5A89E5C159}.Debug|Any CPU.ActiveCfg = Debug|Any CPU
		{36652A04-514D-4626-92FE-AE5A89E5C159}.Debug|Any CPU.Build.0 = Debug|Any CPU
		{36652A04-514D-4626-92FE-AE5A89E5C159}.Debug|Any CPU.Deploy.0 = Debug|Any CPU
		{36652A04-514D-4626-92FE-AE5A89E5C159}.Debug|ARM.ActiveCfg = Debug|ARM
		{36652A04-514D-4626-92FE-AE5A89E5C159}.Debug|ARM.Build.0 = Debug|ARM
		{36652A04-514D-4626-92FE-AE5A89E5C159}.Debug|ARM.Deploy.0 = Debug|ARM
		{36652A04-514D-4626-92FE-AE5A89E5C159}.Debug|iPhone.ActiveCfg = Debug|Any CPU
		{36652A04-514D-4626-92FE-AE5A89E5C159}.Debug|iPhone.Build.0 = Debug|Any CPU
		{36652A04-514D-4626-92FE-AE5A89E5C159}.Debug|iPhone.Deploy.0 = Debug|Any CPU
		{36652A04-514D-4626-92FE-AE5A89E5C159}.Debug|iPhoneSimulator.ActiveCfg = Debug|Any CPU
		{36652A04-514D-4626-92FE-AE5A89E5C159}.Debug|iPhoneSimulator.Build.0 = Debug|Any CPU
		{36652A04-514D-4626-92FE-AE5A89E5C159}.Debug|iPhoneSimulator.Deploy.0 = Debug|Any CPU
		{36652A04-514D-4626-92FE-AE5A89E5C159}.Debug|monodroid.app.ActiveCfg = Debug|Any CPU
		{36652A04-514D-4626-92FE-AE5A89E5C159}.Debug|pack.ActiveCfg = Debug|Any CPU
		{36652A04-514D-4626-92FE-AE5A89E5C159}.Debug|x64.ActiveCfg = Debug|Any CPU
		{36652A04-514D-4626-92FE-AE5A89E5C159}.Debug|x64.Build.0 = Debug|Any CPU
		{36652A04-514D-4626-92FE-AE5A89E5C159}.Debug|x64.Deploy.0 = Debug|Any CPU
		{36652A04-514D-4626-92FE-AE5A89E5C159}.Debug|x86.ActiveCfg = Debug|x86
		{36652A04-514D-4626-92FE-AE5A89E5C159}.Debug|x86.Build.0 = Debug|x86
		{36652A04-514D-4626-92FE-AE5A89E5C159}.Debug|x86.Deploy.0 = Debug|x86
		{36652A04-514D-4626-92FE-AE5A89E5C159}.Release|Any CPU.ActiveCfg = Release|Any CPU
		{36652A04-514D-4626-92FE-AE5A89E5C159}.Release|Any CPU.Build.0 = Release|Any CPU
		{36652A04-514D-4626-92FE-AE5A89E5C159}.Release|Any CPU.Deploy.0 = Release|Any CPU
		{36652A04-514D-4626-92FE-AE5A89E5C159}.Release|ARM.ActiveCfg = Release|ARM
		{36652A04-514D-4626-92FE-AE5A89E5C159}.Release|ARM.Build.0 = Release|ARM
		{36652A04-514D-4626-92FE-AE5A89E5C159}.Release|ARM.Deploy.0 = Release|ARM
		{36652A04-514D-4626-92FE-AE5A89E5C159}.Release|iPhone.ActiveCfg = Release|Any CPU
		{36652A04-514D-4626-92FE-AE5A89E5C159}.Release|iPhone.Build.0 = Release|Any CPU
		{36652A04-514D-4626-92FE-AE5A89E5C159}.Release|iPhone.Deploy.0 = Release|Any CPU
		{36652A04-514D-4626-92FE-AE5A89E5C159}.Release|iPhoneSimulator.ActiveCfg = Release|Any CPU
		{36652A04-514D-4626-92FE-AE5A89E5C159}.Release|iPhoneSimulator.Build.0 = Release|Any CPU
		{36652A04-514D-4626-92FE-AE5A89E5C159}.Release|iPhoneSimulator.Deploy.0 = Release|Any CPU
		{36652A04-514D-4626-92FE-AE5A89E5C159}.Release|monodroid.app.ActiveCfg = Release|Any CPU
		{36652A04-514D-4626-92FE-AE5A89E5C159}.Release|pack.ActiveCfg = Release|Any CPU
		{36652A04-514D-4626-92FE-AE5A89E5C159}.Release|x64.ActiveCfg = Release|Any CPU
		{36652A04-514D-4626-92FE-AE5A89E5C159}.Release|x64.Build.0 = Release|Any CPU
		{36652A04-514D-4626-92FE-AE5A89E5C159}.Release|x64.Deploy.0 = Release|Any CPU
		{36652A04-514D-4626-92FE-AE5A89E5C159}.Release|x86.ActiveCfg = Release|x86
		{36652A04-514D-4626-92FE-AE5A89E5C159}.Release|x86.Build.0 = Release|x86
		{36652A04-514D-4626-92FE-AE5A89E5C159}.Release|x86.Deploy.0 = Release|x86
		{B6863084-312D-45BA-8760-77D98AFDE0AF}.Ad-Hoc|Any CPU.ActiveCfg = Release|x86
		{B6863084-312D-45BA-8760-77D98AFDE0AF}.Ad-Hoc|Any CPU.Build.0 = Release|x86
		{B6863084-312D-45BA-8760-77D98AFDE0AF}.Ad-Hoc|Any CPU.Deploy.0 = Release|x86
		{B6863084-312D-45BA-8760-77D98AFDE0AF}.Ad-Hoc|ARM.ActiveCfg = Release|ARM
		{B6863084-312D-45BA-8760-77D98AFDE0AF}.Ad-Hoc|ARM.Build.0 = Release|ARM
		{B6863084-312D-45BA-8760-77D98AFDE0AF}.Ad-Hoc|ARM.Deploy.0 = Release|ARM
		{B6863084-312D-45BA-8760-77D98AFDE0AF}.Ad-Hoc|iPhone.ActiveCfg = Release|x86
		{B6863084-312D-45BA-8760-77D98AFDE0AF}.Ad-Hoc|iPhone.Build.0 = Release|x86
		{B6863084-312D-45BA-8760-77D98AFDE0AF}.Ad-Hoc|iPhone.Deploy.0 = Release|x86
		{B6863084-312D-45BA-8760-77D98AFDE0AF}.Ad-Hoc|iPhoneSimulator.ActiveCfg = Release|x86
		{B6863084-312D-45BA-8760-77D98AFDE0AF}.Ad-Hoc|iPhoneSimulator.Build.0 = Release|x86
		{B6863084-312D-45BA-8760-77D98AFDE0AF}.Ad-Hoc|iPhoneSimulator.Deploy.0 = Release|x86
		{B6863084-312D-45BA-8760-77D98AFDE0AF}.Ad-Hoc|monodroid.app.ActiveCfg = Debug|x64
		{B6863084-312D-45BA-8760-77D98AFDE0AF}.Ad-Hoc|pack.ActiveCfg = Debug|x64
		{B6863084-312D-45BA-8760-77D98AFDE0AF}.Ad-Hoc|x64.ActiveCfg = Release|x64
		{B6863084-312D-45BA-8760-77D98AFDE0AF}.Ad-Hoc|x64.Build.0 = Release|x64
		{B6863084-312D-45BA-8760-77D98AFDE0AF}.Ad-Hoc|x64.Deploy.0 = Release|x64
		{B6863084-312D-45BA-8760-77D98AFDE0AF}.Ad-Hoc|x86.ActiveCfg = Release|x86
		{B6863084-312D-45BA-8760-77D98AFDE0AF}.Ad-Hoc|x86.Build.0 = Release|x86
		{B6863084-312D-45BA-8760-77D98AFDE0AF}.Ad-Hoc|x86.Deploy.0 = Release|x86
		{B6863084-312D-45BA-8760-77D98AFDE0AF}.AppStore|Any CPU.ActiveCfg = Release|x86
		{B6863084-312D-45BA-8760-77D98AFDE0AF}.AppStore|Any CPU.Build.0 = Release|x86
		{B6863084-312D-45BA-8760-77D98AFDE0AF}.AppStore|Any CPU.Deploy.0 = Release|x86
		{B6863084-312D-45BA-8760-77D98AFDE0AF}.AppStore|ARM.ActiveCfg = Release|ARM
		{B6863084-312D-45BA-8760-77D98AFDE0AF}.AppStore|ARM.Build.0 = Release|ARM
		{B6863084-312D-45BA-8760-77D98AFDE0AF}.AppStore|ARM.Deploy.0 = Release|ARM
		{B6863084-312D-45BA-8760-77D98AFDE0AF}.AppStore|iPhone.ActiveCfg = Release|x86
		{B6863084-312D-45BA-8760-77D98AFDE0AF}.AppStore|iPhone.Build.0 = Release|x86
		{B6863084-312D-45BA-8760-77D98AFDE0AF}.AppStore|iPhone.Deploy.0 = Release|x86
		{B6863084-312D-45BA-8760-77D98AFDE0AF}.AppStore|iPhoneSimulator.ActiveCfg = Release|x86
		{B6863084-312D-45BA-8760-77D98AFDE0AF}.AppStore|iPhoneSimulator.Build.0 = Release|x86
		{B6863084-312D-45BA-8760-77D98AFDE0AF}.AppStore|iPhoneSimulator.Deploy.0 = Release|x86
		{B6863084-312D-45BA-8760-77D98AFDE0AF}.AppStore|monodroid.app.ActiveCfg = Debug|x64
		{B6863084-312D-45BA-8760-77D98AFDE0AF}.AppStore|pack.ActiveCfg = Debug|x64
		{B6863084-312D-45BA-8760-77D98AFDE0AF}.AppStore|x64.ActiveCfg = Release|x64
		{B6863084-312D-45BA-8760-77D98AFDE0AF}.AppStore|x64.Build.0 = Release|x64
		{B6863084-312D-45BA-8760-77D98AFDE0AF}.AppStore|x64.Deploy.0 = Release|x64
		{B6863084-312D-45BA-8760-77D98AFDE0AF}.AppStore|x86.ActiveCfg = Release|x86
		{B6863084-312D-45BA-8760-77D98AFDE0AF}.AppStore|x86.Build.0 = Release|x86
		{B6863084-312D-45BA-8760-77D98AFDE0AF}.AppStore|x86.Deploy.0 = Release|x86
		{B6863084-312D-45BA-8760-77D98AFDE0AF}.Debug|Any CPU.ActiveCfg = Debug|x86
		{B6863084-312D-45BA-8760-77D98AFDE0AF}.Debug|ARM.ActiveCfg = Debug|ARM
		{B6863084-312D-45BA-8760-77D98AFDE0AF}.Debug|ARM.Build.0 = Debug|ARM
		{B6863084-312D-45BA-8760-77D98AFDE0AF}.Debug|ARM.Deploy.0 = Debug|ARM
		{B6863084-312D-45BA-8760-77D98AFDE0AF}.Debug|iPhone.ActiveCfg = Debug|x86
		{B6863084-312D-45BA-8760-77D98AFDE0AF}.Debug|iPhoneSimulator.ActiveCfg = Debug|x86
		{B6863084-312D-45BA-8760-77D98AFDE0AF}.Debug|monodroid.app.ActiveCfg = Debug|x86
		{B6863084-312D-45BA-8760-77D98AFDE0AF}.Debug|pack.ActiveCfg = Debug|x86
		{B6863084-312D-45BA-8760-77D98AFDE0AF}.Debug|x64.ActiveCfg = Debug|x64
		{B6863084-312D-45BA-8760-77D98AFDE0AF}.Debug|x64.Build.0 = Debug|x64
		{B6863084-312D-45BA-8760-77D98AFDE0AF}.Debug|x64.Deploy.0 = Debug|x64
		{B6863084-312D-45BA-8760-77D98AFDE0AF}.Debug|x86.ActiveCfg = Debug|x86
		{B6863084-312D-45BA-8760-77D98AFDE0AF}.Debug|x86.Build.0 = Debug|x86
		{B6863084-312D-45BA-8760-77D98AFDE0AF}.Debug|x86.Deploy.0 = Debug|x86
		{B6863084-312D-45BA-8760-77D98AFDE0AF}.Release|Any CPU.ActiveCfg = Release|x86
		{B6863084-312D-45BA-8760-77D98AFDE0AF}.Release|ARM.ActiveCfg = Release|ARM
		{B6863084-312D-45BA-8760-77D98AFDE0AF}.Release|ARM.Build.0 = Release|ARM
		{B6863084-312D-45BA-8760-77D98AFDE0AF}.Release|ARM.Deploy.0 = Release|ARM
		{B6863084-312D-45BA-8760-77D98AFDE0AF}.Release|iPhone.ActiveCfg = Release|x86
		{B6863084-312D-45BA-8760-77D98AFDE0AF}.Release|iPhoneSimulator.ActiveCfg = Release|x86
		{B6863084-312D-45BA-8760-77D98AFDE0AF}.Release|monodroid.app.ActiveCfg = Release|x86
		{B6863084-312D-45BA-8760-77D98AFDE0AF}.Release|pack.ActiveCfg = Release|x86
		{B6863084-312D-45BA-8760-77D98AFDE0AF}.Release|x64.ActiveCfg = Release|x64
		{B6863084-312D-45BA-8760-77D98AFDE0AF}.Release|x64.Build.0 = Release|x64
		{B6863084-312D-45BA-8760-77D98AFDE0AF}.Release|x64.Deploy.0 = Release|x64
		{B6863084-312D-45BA-8760-77D98AFDE0AF}.Release|x86.ActiveCfg = Release|x86
		{B6863084-312D-45BA-8760-77D98AFDE0AF}.Release|x86.Build.0 = Release|x86
		{B6863084-312D-45BA-8760-77D98AFDE0AF}.Release|x86.Deploy.0 = Release|x86
		{2D7856D7-EA47-4C23-8141-804272EC672E}.Ad-Hoc|Any CPU.ActiveCfg = Release|Any CPU
		{2D7856D7-EA47-4C23-8141-804272EC672E}.Ad-Hoc|Any CPU.Build.0 = Release|Any CPU
		{2D7856D7-EA47-4C23-8141-804272EC672E}.Ad-Hoc|Any CPU.Deploy.0 = Release|Any CPU
		{2D7856D7-EA47-4C23-8141-804272EC672E}.Ad-Hoc|ARM.ActiveCfg = Release|ARM
		{2D7856D7-EA47-4C23-8141-804272EC672E}.Ad-Hoc|ARM.Build.0 = Release|ARM
		{2D7856D7-EA47-4C23-8141-804272EC672E}.Ad-Hoc|ARM.Deploy.0 = Release|ARM
		{2D7856D7-EA47-4C23-8141-804272EC672E}.Ad-Hoc|iPhone.ActiveCfg = Release|Any CPU
		{2D7856D7-EA47-4C23-8141-804272EC672E}.Ad-Hoc|iPhone.Build.0 = Release|Any CPU
		{2D7856D7-EA47-4C23-8141-804272EC672E}.Ad-Hoc|iPhone.Deploy.0 = Release|Any CPU
		{2D7856D7-EA47-4C23-8141-804272EC672E}.Ad-Hoc|iPhoneSimulator.ActiveCfg = Release|Any CPU
		{2D7856D7-EA47-4C23-8141-804272EC672E}.Ad-Hoc|iPhoneSimulator.Build.0 = Release|Any CPU
		{2D7856D7-EA47-4C23-8141-804272EC672E}.Ad-Hoc|iPhoneSimulator.Deploy.0 = Release|Any CPU
		{2D7856D7-EA47-4C23-8141-804272EC672E}.Ad-Hoc|monodroid.app.ActiveCfg = Debug|Any CPU
		{2D7856D7-EA47-4C23-8141-804272EC672E}.Ad-Hoc|pack.ActiveCfg = Debug|Any CPU
		{2D7856D7-EA47-4C23-8141-804272EC672E}.Ad-Hoc|x64.ActiveCfg = Release|x64
		{2D7856D7-EA47-4C23-8141-804272EC672E}.Ad-Hoc|x64.Build.0 = Release|x64
		{2D7856D7-EA47-4C23-8141-804272EC672E}.Ad-Hoc|x64.Deploy.0 = Release|x64
		{2D7856D7-EA47-4C23-8141-804272EC672E}.Ad-Hoc|x86.ActiveCfg = Release|x86
		{2D7856D7-EA47-4C23-8141-804272EC672E}.Ad-Hoc|x86.Build.0 = Release|x86
		{2D7856D7-EA47-4C23-8141-804272EC672E}.Ad-Hoc|x86.Deploy.0 = Release|x86
		{2D7856D7-EA47-4C23-8141-804272EC672E}.AppStore|Any CPU.ActiveCfg = Release|Any CPU
		{2D7856D7-EA47-4C23-8141-804272EC672E}.AppStore|Any CPU.Build.0 = Release|Any CPU
		{2D7856D7-EA47-4C23-8141-804272EC672E}.AppStore|Any CPU.Deploy.0 = Release|Any CPU
		{2D7856D7-EA47-4C23-8141-804272EC672E}.AppStore|ARM.ActiveCfg = Release|ARM
		{2D7856D7-EA47-4C23-8141-804272EC672E}.AppStore|ARM.Build.0 = Release|ARM
		{2D7856D7-EA47-4C23-8141-804272EC672E}.AppStore|ARM.Deploy.0 = Release|ARM
		{2D7856D7-EA47-4C23-8141-804272EC672E}.AppStore|iPhone.ActiveCfg = Release|Any CPU
		{2D7856D7-EA47-4C23-8141-804272EC672E}.AppStore|iPhone.Build.0 = Release|Any CPU
		{2D7856D7-EA47-4C23-8141-804272EC672E}.AppStore|iPhone.Deploy.0 = Release|Any CPU
		{2D7856D7-EA47-4C23-8141-804272EC672E}.AppStore|iPhoneSimulator.ActiveCfg = Release|Any CPU
		{2D7856D7-EA47-4C23-8141-804272EC672E}.AppStore|iPhoneSimulator.Build.0 = Release|Any CPU
		{2D7856D7-EA47-4C23-8141-804272EC672E}.AppStore|iPhoneSimulator.Deploy.0 = Release|Any CPU
		{2D7856D7-EA47-4C23-8141-804272EC672E}.AppStore|monodroid.app.ActiveCfg = Debug|Any CPU
		{2D7856D7-EA47-4C23-8141-804272EC672E}.AppStore|pack.ActiveCfg = Debug|Any CPU
		{2D7856D7-EA47-4C23-8141-804272EC672E}.AppStore|x64.ActiveCfg = Release|x64
		{2D7856D7-EA47-4C23-8141-804272EC672E}.AppStore|x64.Build.0 = Release|x64
		{2D7856D7-EA47-4C23-8141-804272EC672E}.AppStore|x64.Deploy.0 = Release|x64
		{2D7856D7-EA47-4C23-8141-804272EC672E}.AppStore|x86.ActiveCfg = Release|x86
		{2D7856D7-EA47-4C23-8141-804272EC672E}.AppStore|x86.Build.0 = Release|x86
		{2D7856D7-EA47-4C23-8141-804272EC672E}.AppStore|x86.Deploy.0 = Release|x86
		{2D7856D7-EA47-4C23-8141-804272EC672E}.Debug|Any CPU.ActiveCfg = Debug|Any CPU
		{2D7856D7-EA47-4C23-8141-804272EC672E}.Debug|Any CPU.Build.0 = Debug|Any CPU
		{2D7856D7-EA47-4C23-8141-804272EC672E}.Debug|Any CPU.Deploy.0 = Debug|Any CPU
		{2D7856D7-EA47-4C23-8141-804272EC672E}.Debug|ARM.ActiveCfg = Debug|ARM
		{2D7856D7-EA47-4C23-8141-804272EC672E}.Debug|ARM.Build.0 = Debug|ARM
		{2D7856D7-EA47-4C23-8141-804272EC672E}.Debug|ARM.Deploy.0 = Debug|ARM
		{2D7856D7-EA47-4C23-8141-804272EC672E}.Debug|iPhone.ActiveCfg = Debug|Any CPU
		{2D7856D7-EA47-4C23-8141-804272EC672E}.Debug|iPhone.Build.0 = Debug|Any CPU
		{2D7856D7-EA47-4C23-8141-804272EC672E}.Debug|iPhone.Deploy.0 = Debug|Any CPU
		{2D7856D7-EA47-4C23-8141-804272EC672E}.Debug|iPhoneSimulator.ActiveCfg = Debug|Any CPU
		{2D7856D7-EA47-4C23-8141-804272EC672E}.Debug|iPhoneSimulator.Build.0 = Debug|Any CPU
		{2D7856D7-EA47-4C23-8141-804272EC672E}.Debug|iPhoneSimulator.Deploy.0 = Debug|Any CPU
		{2D7856D7-EA47-4C23-8141-804272EC672E}.Debug|monodroid.app.ActiveCfg = Debug|Any CPU
		{2D7856D7-EA47-4C23-8141-804272EC672E}.Debug|pack.ActiveCfg = Debug|Any CPU
		{2D7856D7-EA47-4C23-8141-804272EC672E}.Debug|x64.ActiveCfg = Debug|x64
		{2D7856D7-EA47-4C23-8141-804272EC672E}.Debug|x64.Build.0 = Debug|x64
		{2D7856D7-EA47-4C23-8141-804272EC672E}.Debug|x64.Deploy.0 = Debug|x64
		{2D7856D7-EA47-4C23-8141-804272EC672E}.Debug|x86.ActiveCfg = Debug|x86
		{2D7856D7-EA47-4C23-8141-804272EC672E}.Debug|x86.Build.0 = Debug|x86
		{2D7856D7-EA47-4C23-8141-804272EC672E}.Debug|x86.Deploy.0 = Debug|x86
		{2D7856D7-EA47-4C23-8141-804272EC672E}.Release|Any CPU.ActiveCfg = Release|Any CPU
		{2D7856D7-EA47-4C23-8141-804272EC672E}.Release|Any CPU.Build.0 = Release|Any CPU
		{2D7856D7-EA47-4C23-8141-804272EC672E}.Release|Any CPU.Deploy.0 = Release|Any CPU
		{2D7856D7-EA47-4C23-8141-804272EC672E}.Release|ARM.ActiveCfg = Release|ARM
		{2D7856D7-EA47-4C23-8141-804272EC672E}.Release|ARM.Build.0 = Release|ARM
		{2D7856D7-EA47-4C23-8141-804272EC672E}.Release|ARM.Deploy.0 = Release|ARM
		{2D7856D7-EA47-4C23-8141-804272EC672E}.Release|iPhone.ActiveCfg = Release|Any CPU
		{2D7856D7-EA47-4C23-8141-804272EC672E}.Release|iPhone.Build.0 = Release|Any CPU
		{2D7856D7-EA47-4C23-8141-804272EC672E}.Release|iPhone.Deploy.0 = Release|Any CPU
		{2D7856D7-EA47-4C23-8141-804272EC672E}.Release|iPhoneSimulator.ActiveCfg = Release|Any CPU
		{2D7856D7-EA47-4C23-8141-804272EC672E}.Release|iPhoneSimulator.Build.0 = Release|Any CPU
		{2D7856D7-EA47-4C23-8141-804272EC672E}.Release|iPhoneSimulator.Deploy.0 = Release|Any CPU
		{2D7856D7-EA47-4C23-8141-804272EC672E}.Release|monodroid.app.ActiveCfg = Release|Any CPU
		{2D7856D7-EA47-4C23-8141-804272EC672E}.Release|pack.ActiveCfg = Release|Any CPU
		{2D7856D7-EA47-4C23-8141-804272EC672E}.Release|x64.ActiveCfg = Release|x64
		{2D7856D7-EA47-4C23-8141-804272EC672E}.Release|x64.Build.0 = Release|x64
		{2D7856D7-EA47-4C23-8141-804272EC672E}.Release|x64.Deploy.0 = Release|x64
		{2D7856D7-EA47-4C23-8141-804272EC672E}.Release|x86.ActiveCfg = Release|x86
		{2D7856D7-EA47-4C23-8141-804272EC672E}.Release|x86.Build.0 = Release|x86
		{2D7856D7-EA47-4C23-8141-804272EC672E}.Release|x86.Deploy.0 = Release|x86
		{DA7C5A33-EA06-4CBB-9D05-C843A885A925}.Ad-Hoc|Any CPU.ActiveCfg = release|pack
		{DA7C5A33-EA06-4CBB-9D05-C843A885A925}.Ad-Hoc|Any CPU.Build.0 = release|pack
		{DA7C5A33-EA06-4CBB-9D05-C843A885A925}.Ad-Hoc|ARM.ActiveCfg = release|pack
		{DA7C5A33-EA06-4CBB-9D05-C843A885A925}.Ad-Hoc|ARM.Build.0 = release|pack
		{DA7C5A33-EA06-4CBB-9D05-C843A885A925}.Ad-Hoc|iPhone.ActiveCfg = release|pack
		{DA7C5A33-EA06-4CBB-9D05-C843A885A925}.Ad-Hoc|iPhone.Build.0 = release|pack
		{DA7C5A33-EA06-4CBB-9D05-C843A885A925}.Ad-Hoc|iPhoneSimulator.ActiveCfg = release|pack
		{DA7C5A33-EA06-4CBB-9D05-C843A885A925}.Ad-Hoc|iPhoneSimulator.Build.0 = release|pack
		{DA7C5A33-EA06-4CBB-9D05-C843A885A925}.Ad-Hoc|monodroid.app.ActiveCfg = release|pack
		{DA7C5A33-EA06-4CBB-9D05-C843A885A925}.Ad-Hoc|monodroid.app.Build.0 = release|pack
		{DA7C5A33-EA06-4CBB-9D05-C843A885A925}.Ad-Hoc|pack.ActiveCfg = release|pack
		{DA7C5A33-EA06-4CBB-9D05-C843A885A925}.Ad-Hoc|pack.Build.0 = release|pack
		{DA7C5A33-EA06-4CBB-9D05-C843A885A925}.Ad-Hoc|pack.Deploy.0 = release|pack
		{DA7C5A33-EA06-4CBB-9D05-C843A885A925}.Ad-Hoc|x64.ActiveCfg = release|pack
		{DA7C5A33-EA06-4CBB-9D05-C843A885A925}.Ad-Hoc|x64.Build.0 = release|pack
		{DA7C5A33-EA06-4CBB-9D05-C843A885A925}.Ad-Hoc|x86.ActiveCfg = release|pack
		{DA7C5A33-EA06-4CBB-9D05-C843A885A925}.Ad-Hoc|x86.Build.0 = release|pack
		{DA7C5A33-EA06-4CBB-9D05-C843A885A925}.AppStore|Any CPU.ActiveCfg = release|pack
		{DA7C5A33-EA06-4CBB-9D05-C843A885A925}.AppStore|Any CPU.Build.0 = release|pack
		{DA7C5A33-EA06-4CBB-9D05-C843A885A925}.AppStore|ARM.ActiveCfg = release|pack
		{DA7C5A33-EA06-4CBB-9D05-C843A885A925}.AppStore|ARM.Build.0 = release|pack
		{DA7C5A33-EA06-4CBB-9D05-C843A885A925}.AppStore|iPhone.ActiveCfg = release|pack
		{DA7C5A33-EA06-4CBB-9D05-C843A885A925}.AppStore|iPhone.Build.0 = release|pack
		{DA7C5A33-EA06-4CBB-9D05-C843A885A925}.AppStore|iPhoneSimulator.ActiveCfg = release|pack
		{DA7C5A33-EA06-4CBB-9D05-C843A885A925}.AppStore|iPhoneSimulator.Build.0 = release|pack
		{DA7C5A33-EA06-4CBB-9D05-C843A885A925}.AppStore|monodroid.app.ActiveCfg = release|pack
		{DA7C5A33-EA06-4CBB-9D05-C843A885A925}.AppStore|monodroid.app.Build.0 = release|pack
		{DA7C5A33-EA06-4CBB-9D05-C843A885A925}.AppStore|pack.ActiveCfg = release|pack
		{DA7C5A33-EA06-4CBB-9D05-C843A885A925}.AppStore|pack.Build.0 = release|pack
		{DA7C5A33-EA06-4CBB-9D05-C843A885A925}.AppStore|pack.Deploy.0 = release|pack
		{DA7C5A33-EA06-4CBB-9D05-C843A885A925}.AppStore|x64.ActiveCfg = release|pack
		{DA7C5A33-EA06-4CBB-9D05-C843A885A925}.AppStore|x64.Build.0 = release|pack
		{DA7C5A33-EA06-4CBB-9D05-C843A885A925}.AppStore|x86.ActiveCfg = release|pack
		{DA7C5A33-EA06-4CBB-9D05-C843A885A925}.AppStore|x86.Build.0 = release|pack
		{DA7C5A33-EA06-4CBB-9D05-C843A885A925}.Debug|Any CPU.ActiveCfg = debug|Any CPU
		{DA7C5A33-EA06-4CBB-9D05-C843A885A925}.Debug|Any CPU.Build.0 = debug|Any CPU
		{DA7C5A33-EA06-4CBB-9D05-C843A885A925}.Debug|Any CPU.Deploy.0 = debug|Any CPU
		{DA7C5A33-EA06-4CBB-9D05-C843A885A925}.Debug|ARM.ActiveCfg = debug|pack
		{DA7C5A33-EA06-4CBB-9D05-C843A885A925}.Debug|iPhone.ActiveCfg = debug|pack
		{DA7C5A33-EA06-4CBB-9D05-C843A885A925}.Debug|iPhoneSimulator.ActiveCfg = debug|pack
		{DA7C5A33-EA06-4CBB-9D05-C843A885A925}.Debug|monodroid.app.ActiveCfg = debug|pack
		{DA7C5A33-EA06-4CBB-9D05-C843A885A925}.Debug|pack.ActiveCfg = debug|pack
		{DA7C5A33-EA06-4CBB-9D05-C843A885A925}.Debug|pack.Build.0 = debug|pack
		{DA7C5A33-EA06-4CBB-9D05-C843A885A925}.Debug|pack.Deploy.0 = debug|pack
		{DA7C5A33-EA06-4CBB-9D05-C843A885A925}.Debug|x64.ActiveCfg = debug|pack
		{DA7C5A33-EA06-4CBB-9D05-C843A885A925}.Debug|x86.ActiveCfg = debug|pack
		{DA7C5A33-EA06-4CBB-9D05-C843A885A925}.Release|Any CPU.ActiveCfg = release|pack
		{DA7C5A33-EA06-4CBB-9D05-C843A885A925}.Release|ARM.ActiveCfg = release|pack
		{DA7C5A33-EA06-4CBB-9D05-C843A885A925}.Release|iPhone.ActiveCfg = release|pack
		{DA7C5A33-EA06-4CBB-9D05-C843A885A925}.Release|iPhoneSimulator.ActiveCfg = release|pack
		{DA7C5A33-EA06-4CBB-9D05-C843A885A925}.Release|monodroid.app.ActiveCfg = release|pack
		{DA7C5A33-EA06-4CBB-9D05-C843A885A925}.Release|pack.ActiveCfg = release|pack
		{DA7C5A33-EA06-4CBB-9D05-C843A885A925}.Release|pack.Build.0 = release|pack
		{DA7C5A33-EA06-4CBB-9D05-C843A885A925}.Release|pack.Deploy.0 = release|pack
		{DA7C5A33-EA06-4CBB-9D05-C843A885A925}.Release|x64.ActiveCfg = release|pack
		{DA7C5A33-EA06-4CBB-9D05-C843A885A925}.Release|x86.ActiveCfg = release|pack
		{2E151525-AC35-4711-B418-C360F8B34931}.Ad-Hoc|Any CPU.ActiveCfg = release|pack
		{2E151525-AC35-4711-B418-C360F8B34931}.Ad-Hoc|Any CPU.Build.0 = release|pack
		{2E151525-AC35-4711-B418-C360F8B34931}.Ad-Hoc|ARM.ActiveCfg = release|pack
		{2E151525-AC35-4711-B418-C360F8B34931}.Ad-Hoc|ARM.Build.0 = release|pack
		{2E151525-AC35-4711-B418-C360F8B34931}.Ad-Hoc|iPhone.ActiveCfg = release|iPhone
		{2E151525-AC35-4711-B418-C360F8B34931}.Ad-Hoc|iPhone.Build.0 = release|iPhone
		{2E151525-AC35-4711-B418-C360F8B34931}.Ad-Hoc|iPhoneSimulator.ActiveCfg = release|iPhoneSimulator
		{2E151525-AC35-4711-B418-C360F8B34931}.Ad-Hoc|iPhoneSimulator.Build.0 = release|iPhoneSimulator
		{2E151525-AC35-4711-B418-C360F8B34931}.Ad-Hoc|monodroid.app.ActiveCfg = release|pack
		{2E151525-AC35-4711-B418-C360F8B34931}.Ad-Hoc|monodroid.app.Build.0 = release|pack
		{2E151525-AC35-4711-B418-C360F8B34931}.Ad-Hoc|pack.ActiveCfg = release|pack
		{2E151525-AC35-4711-B418-C360F8B34931}.Ad-Hoc|pack.Build.0 = release|pack
		{2E151525-AC35-4711-B418-C360F8B34931}.Ad-Hoc|x64.ActiveCfg = release|pack
		{2E151525-AC35-4711-B418-C360F8B34931}.Ad-Hoc|x64.Build.0 = release|pack
		{2E151525-AC35-4711-B418-C360F8B34931}.Ad-Hoc|x86.ActiveCfg = release|pack
		{2E151525-AC35-4711-B418-C360F8B34931}.Ad-Hoc|x86.Build.0 = release|pack
		{2E151525-AC35-4711-B418-C360F8B34931}.AppStore|Any CPU.ActiveCfg = release|pack
		{2E151525-AC35-4711-B418-C360F8B34931}.AppStore|Any CPU.Build.0 = release|pack
		{2E151525-AC35-4711-B418-C360F8B34931}.AppStore|ARM.ActiveCfg = release|pack
		{2E151525-AC35-4711-B418-C360F8B34931}.AppStore|ARM.Build.0 = release|pack
		{2E151525-AC35-4711-B418-C360F8B34931}.AppStore|iPhone.ActiveCfg = release|iPhone
		{2E151525-AC35-4711-B418-C360F8B34931}.AppStore|iPhone.Build.0 = release|iPhone
		{2E151525-AC35-4711-B418-C360F8B34931}.AppStore|iPhoneSimulator.ActiveCfg = release|iPhoneSimulator
		{2E151525-AC35-4711-B418-C360F8B34931}.AppStore|iPhoneSimulator.Build.0 = release|iPhoneSimulator
		{2E151525-AC35-4711-B418-C360F8B34931}.AppStore|monodroid.app.ActiveCfg = release|pack
		{2E151525-AC35-4711-B418-C360F8B34931}.AppStore|monodroid.app.Build.0 = release|pack
		{2E151525-AC35-4711-B418-C360F8B34931}.AppStore|pack.ActiveCfg = release|pack
		{2E151525-AC35-4711-B418-C360F8B34931}.AppStore|pack.Build.0 = release|pack
		{2E151525-AC35-4711-B418-C360F8B34931}.AppStore|x64.ActiveCfg = release|pack
		{2E151525-AC35-4711-B418-C360F8B34931}.AppStore|x64.Build.0 = release|pack
		{2E151525-AC35-4711-B418-C360F8B34931}.AppStore|x86.ActiveCfg = release|pack
		{2E151525-AC35-4711-B418-C360F8B34931}.AppStore|x86.Build.0 = release|pack
		{2E151525-AC35-4711-B418-C360F8B34931}.Debug|Any CPU.ActiveCfg = debug|iPhone
		{2E151525-AC35-4711-B418-C360F8B34931}.Debug|ARM.ActiveCfg = debug|iPhone
		{2E151525-AC35-4711-B418-C360F8B34931}.Debug|iPhone.ActiveCfg = debug|iPhone
		{2E151525-AC35-4711-B418-C360F8B34931}.Debug|iPhone.Build.0 = debug|iPhone
		{2E151525-AC35-4711-B418-C360F8B34931}.Debug|iPhoneSimulator.ActiveCfg = debug|iPhoneSimulator
		{2E151525-AC35-4711-B418-C360F8B34931}.Debug|iPhoneSimulator.Build.0 = debug|iPhoneSimulator
		{2E151525-AC35-4711-B418-C360F8B34931}.Debug|monodroid.app.ActiveCfg = debug|iPhone
		{2E151525-AC35-4711-B418-C360F8B34931}.Debug|pack.ActiveCfg = debug|pack
		{2E151525-AC35-4711-B418-C360F8B34931}.Debug|pack.Build.0 = debug|pack
		{2E151525-AC35-4711-B418-C360F8B34931}.Debug|x64.ActiveCfg = debug|iPhone
		{2E151525-AC35-4711-B418-C360F8B34931}.Debug|x86.ActiveCfg = debug|iPhone
		{2E151525-AC35-4711-B418-C360F8B34931}.Release|Any CPU.ActiveCfg = release|iPhone
		{2E151525-AC35-4711-B418-C360F8B34931}.Release|ARM.ActiveCfg = release|iPhone
		{2E151525-AC35-4711-B418-C360F8B34931}.Release|iPhone.ActiveCfg = release|iPhone
		{2E151525-AC35-4711-B418-C360F8B34931}.Release|iPhone.Build.0 = release|iPhone
		{2E151525-AC35-4711-B418-C360F8B34931}.Release|iPhoneSimulator.ActiveCfg = release|iPhoneSimulator
		{2E151525-AC35-4711-B418-C360F8B34931}.Release|iPhoneSimulator.Build.0 = release|iPhoneSimulator
		{2E151525-AC35-4711-B418-C360F8B34931}.Release|monodroid.app.ActiveCfg = release|iPhone
		{2E151525-AC35-4711-B418-C360F8B34931}.Release|pack.ActiveCfg = release|pack
		{2E151525-AC35-4711-B418-C360F8B34931}.Release|pack.Build.0 = release|pack
		{2E151525-AC35-4711-B418-C360F8B34931}.Release|x64.ActiveCfg = release|iPhone
		{2E151525-AC35-4711-B418-C360F8B34931}.Release|x86.ActiveCfg = release|iPhone
	EndGlobalSection
	GlobalSection(SolutionProperties) = preSolution
		HideSolutionNode = FALSE
	EndGlobalSection
	GlobalSection(NestedProjects) = preSolution
		{0E86711A-7FC8-4B36-8095-81632B726A06} = {5C1DA352-D1AA-4DB9-9622-C4D07E456C85}
		{B58EA25C-F476-4B84-A88B-7D5AF2E89476} = {5C1DA352-D1AA-4DB9-9622-C4D07E456C85}
		{7ED39DB2-4544-43D1-9528-5043310BDCC9} = {5C1DA352-D1AA-4DB9-9622-C4D07E456C85}
		{36652A04-514D-4626-92FE-AE5A89E5C159} = {5C1DA352-D1AA-4DB9-9622-C4D07E456C85}
		{B6863084-312D-45BA-8760-77D98AFDE0AF} = {5C1DA352-D1AA-4DB9-9622-C4D07E456C85}
		{2D7856D7-EA47-4C23-8141-804272EC672E} = {5C1DA352-D1AA-4DB9-9622-C4D07E456C85}
		{DA7C5A33-EA06-4CBB-9D05-C843A885A925} = {5C1DA352-D1AA-4DB9-9622-C4D07E456C85}
		{2E151525-AC35-4711-B418-C360F8B34931} = {5C1DA352-D1AA-4DB9-9622-C4D07E456C85}
	EndGlobalSection
EndGlobal
