
Microsoft Visual Studio Solution File, Format Version 12.00
# Visual Studio 14
VisualStudioVersion = 14.0.25420.1
MinimumVisualStudioVersion = 10.0.40219.1
Project("{FAE04EC0-301F-11D3-BF4B-00C04F79EFBC}") = "MyApp", "src\MyApp\MyApp.csproj", "{0E86711A-7FC8-4B36-8095-81632B726A06}"
EndProject
Project("{FAE04EC0-301F-11D3-BF4B-00C04F79EFBC}") = "MyApp.Android", "src\MyApp.Android\MyApp.Android.csproj", "{B58EA25C-F476-4B84-A88B-7D5AF2E89476}"
EndProject
Project("{FAE04EC0-301F-11D3-BF4B-00C04F79EFBC}") = "MyApp.iOS", "src\MyApp.iOS\MyApp.iOS.csproj", "{7ED39DB2-4544-43D1-9528-5043310BDCC9}"
EndProject
Project("{FAE04EC0-301F-11D3-BF4B-00C04F79EFBC}") = "MyApp.WinPhone", "src\MyApp.WinPhone\MyApp.WinPhone.csproj", "{36652A04-514D-4626-92FE-AE5A89E5C159}"
EndProject
Project("{FAE04EC0-301F-11D3-BF4B-00C04F79EFBC}") = "MyApp.Windows", "src\MyApp.Windows\MyApp.Windows.csproj", "{2D7856D7-EA47-4C23-8141-804272EC672E}"
EndProject
Project("{D954291E-2A0B-460D-934E-DC6B0785DB48}") = ".repo", ".repo.shproj", "{285137F3-5463-4B9F-9236-DB7E65807484}"
EndProject
Project("{2150E333-8FDC-42A3-9474-1A3956D46DE8}") = "src", "src", "{5C1DA352-D1AA-4DB9-9622-C4D07E456C85}"
EndProject
Project("{D954291E-2A0B-460D-934E-DC6B0785DB48}") = "mxbuild", "sub\mxbuild\mxbuild.shproj", "{2FDD0418-FA09-4556-B6ED-10E07C1F6DB9}"
EndProject
Project("{FAE04EC0-301F-11D3-BF4B-00C04F79EFBC}") = "MyApp.Android.Debug", "src\MyApp.Android.Debug\MyApp.Android.Debug.csproj", "{DA7C5A33-EA06-4CBB-9D05-C843A885A925}"
EndProject
Project("{FAE04EC0-301F-11D3-BF4B-00C04F79EFBC}") = "MyApp.iOS.Debug", "src\MyApp.iOS.Debug\MyApp.iOS.Debug.csproj", "{2E151525-AC35-4711-B418-C360F8B34931}"
EndProject
Project("{FAE04EC0-301F-11D3-BF4B-00C04F79EFBC}") = "MyApp.Windows.Debug", "src\MyApp.Windows.Debug\MyApp.Windows.Debug.csproj", "{563B6AD6-AD53-46E8-9B67-D04669A57E25}"
EndProject
Project("{FAE04EC0-301F-11D3-BF4B-00C04F79EFBC}") = "MyApp.UWP.Debug", "src\MyApp.UWP.Debug\MyApp.UWP.Debug.csproj", "{0BDADB8F-5A5D-40E5-84A6-56CBA9D920AE}"
EndProject
Project("{FAE04EC0-301F-11D3-BF4B-00C04F79EFBC}") = "MyApp.UWP", "src\MyApp.UWP\MyApp.UWP.csproj", "{FDF93218-C057-49EC-8567-EB60A17A5C81}"
EndProject
Project("{FAE04EC0-301F-11D3-BF4B-00C04F79EFBC}") = "MyApp.WinPhone.Debug", "src\MyApp.WinPhone.Debug\MyApp.WinPhone.Debug.csproj", "{F175C9BF-6450-471F-A1C5-02D8A30E2E04}"
EndProject
Global
	GlobalSection(SharedMSBuildProjectFiles) = preSolution
		.repo.projitems*{285137f3-5463-4b9f-9236-db7e65807484}*SharedItemsImports = 13
		sub\mxbuild\mxbuild.projitems*{2fdd0418-fa09-4556-b6ed-10e07c1f6db9}*SharedItemsImports = 13
	EndGlobalSection
	GlobalSection(SolutionConfigurationPlatforms) = preSolution
		Debug|Android = Debug|Android
		Debug|iOS Phone = Debug|iOS Phone
		Debug|iOS Simulator = Debug|iOS Simulator
		Debug|Win Phone (x86) = Debug|Win Phone (x86)
		Debug|Win Tablet (ARM) = Debug|Win Tablet (ARM)
		Debug|Win Tablet (x64) = Debug|Win Tablet (x64)
		Debug|Win Tablet (x86) = Debug|Win Tablet (x86)
		Debug|Win UAP (ARM) = Debug|Win UAP (ARM)
		Debug|Win UAP (x64) = Debug|Win UAP (x64)
		Debug|Win UAP (x86) = Debug|Win UAP (x86)
		Release|Android = Release|Android
		Release|iOS Phone = Release|iOS Phone
		Release|iOS Simulator = Release|iOS Simulator
		Release|Win Phone (x86) = Release|Win Phone (x86)
		Release|Win Tablet (ARM) = Release|Win Tablet (ARM)
		Release|Win Tablet (x64) = Release|Win Tablet (x64)
		Release|Win Tablet (x86) = Release|Win Tablet (x86)
		Release|Win UAP (ARM) = Release|Win UAP (ARM)
		Release|Win UAP (x64) = Release|Win UAP (x64)
		Release|Win UAP (x86) = Release|Win UAP (x86)
	EndGlobalSection
	GlobalSection(ProjectConfigurationPlatforms) = postSolution
		{0E86711A-7FC8-4B36-8095-81632B726A06}.Debug|Android.ActiveCfg = Debug|[none]
		{0E86711A-7FC8-4B36-8095-81632B726A06}.Debug|iOS Phone.ActiveCfg = Debug|[none]
		{0E86711A-7FC8-4B36-8095-81632B726A06}.Debug|iOS Simulator.ActiveCfg = Debug|[none]
		{0E86711A-7FC8-4B36-8095-81632B726A06}.Debug|Win Phone (x86).ActiveCfg = Debug|[none]
		{0E86711A-7FC8-4B36-8095-81632B726A06}.Debug|Win Tablet (ARM).ActiveCfg = Debug|[none]
		{0E86711A-7FC8-4B36-8095-81632B726A06}.Debug|Win Tablet (x64).ActiveCfg = Debug|[none]
		{0E86711A-7FC8-4B36-8095-81632B726A06}.Debug|Win Tablet (x86).ActiveCfg = Debug|[none]
		{0E86711A-7FC8-4B36-8095-81632B726A06}.Debug|Win UAP (ARM).ActiveCfg = Debug|[none]
		{0E86711A-7FC8-4B36-8095-81632B726A06}.Debug|Win UAP (x64).ActiveCfg = Debug|[none]
		{0E86711A-7FC8-4B36-8095-81632B726A06}.Debug|Win UAP (x86).ActiveCfg = Debug|[none]
		{0E86711A-7FC8-4B36-8095-81632B726A06}.Release|Android.ActiveCfg = Release|[none]
		{0E86711A-7FC8-4B36-8095-81632B726A06}.Release|iOS Phone.ActiveCfg = Release|[none]
		{0E86711A-7FC8-4B36-8095-81632B726A06}.Release|iOS Simulator.ActiveCfg = Release|[none]
		{0E86711A-7FC8-4B36-8095-81632B726A06}.Release|Win Phone (x86).ActiveCfg = Release|[none]
		{0E86711A-7FC8-4B36-8095-81632B726A06}.Release|Win Tablet (ARM).ActiveCfg = Release|[none]
		{0E86711A-7FC8-4B36-8095-81632B726A06}.Release|Win Tablet (x64).ActiveCfg = Release|[none]
		{0E86711A-7FC8-4B36-8095-81632B726A06}.Release|Win Tablet (x86).ActiveCfg = Release|[none]
		{0E86711A-7FC8-4B36-8095-81632B726A06}.Release|Win UAP (ARM).ActiveCfg = Release|[none]
		{0E86711A-7FC8-4B36-8095-81632B726A06}.Release|Win UAP (x64).ActiveCfg = Release|[none]
		{0E86711A-7FC8-4B36-8095-81632B726A06}.Release|Win UAP (x86).ActiveCfg = Release|[none]
		{B58EA25C-F476-4B84-A88B-7D5AF2E89476}.Debug|Android.ActiveCfg = debug|monodroid.app
		{B58EA25C-F476-4B84-A88B-7D5AF2E89476}.Debug|Android.Build.0 = debug|monodroid.app
		{B58EA25C-F476-4B84-A88B-7D5AF2E89476}.Debug|Android.Deploy.0 = debug|monodroid.app
		{B58EA25C-F476-4B84-A88B-7D5AF2E89476}.Debug|iOS Phone.ActiveCfg = debug|[none]
		{B58EA25C-F476-4B84-A88B-7D5AF2E89476}.Debug|iOS Simulator.ActiveCfg = debug|[none]
		{B58EA25C-F476-4B84-A88B-7D5AF2E89476}.Debug|Win Phone (x86).ActiveCfg = debug|[none]
		{B58EA25C-F476-4B84-A88B-7D5AF2E89476}.Debug|Win Tablet (ARM).ActiveCfg = debug|[none]
		{B58EA25C-F476-4B84-A88B-7D5AF2E89476}.Debug|Win Tablet (x64).ActiveCfg = debug|[none]
		{B58EA25C-F476-4B84-A88B-7D5AF2E89476}.Debug|Win Tablet (x86).ActiveCfg = debug|[none]
		{B58EA25C-F476-4B84-A88B-7D5AF2E89476}.Debug|Win UAP (ARM).ActiveCfg = debug|[none]
		{B58EA25C-F476-4B84-A88B-7D5AF2E89476}.Debug|Win UAP (x64).ActiveCfg = debug|[none]
		{B58EA25C-F476-4B84-A88B-7D5AF2E89476}.Debug|Win UAP (x86).ActiveCfg = debug|[none]
		{B58EA25C-F476-4B84-A88B-7D5AF2E89476}.Release|Android.ActiveCfg = release|monodroid.app
		{B58EA25C-F476-4B84-A88B-7D5AF2E89476}.Release|Android.Build.0 = release|monodroid.app
		{B58EA25C-F476-4B84-A88B-7D5AF2E89476}.Release|Android.Deploy.0 = release|monodroid.app
		{B58EA25C-F476-4B84-A88B-7D5AF2E89476}.Release|iOS Phone.ActiveCfg = release|[none]
		{B58EA25C-F476-4B84-A88B-7D5AF2E89476}.Release|iOS Simulator.ActiveCfg = release|[none]
		{B58EA25C-F476-4B84-A88B-7D5AF2E89476}.Release|Win Phone (x86).ActiveCfg = release|[none]
		{B58EA25C-F476-4B84-A88B-7D5AF2E89476}.Release|Win Tablet (ARM).ActiveCfg = release|[none]
		{B58EA25C-F476-4B84-A88B-7D5AF2E89476}.Release|Win Tablet (x64).ActiveCfg = release|[none]
		{B58EA25C-F476-4B84-A88B-7D5AF2E89476}.Release|Win Tablet (x86).ActiveCfg = release|[none]
		{B58EA25C-F476-4B84-A88B-7D5AF2E89476}.Release|Win UAP (ARM).ActiveCfg = release|[none]
		{B58EA25C-F476-4B84-A88B-7D5AF2E89476}.Release|Win UAP (x64).ActiveCfg = release|[none]
		{B58EA25C-F476-4B84-A88B-7D5AF2E89476}.Release|Win UAP (x86).ActiveCfg = release|[none]
		{7ED39DB2-4544-43D1-9528-5043310BDCC9}.Debug|Android.ActiveCfg = debug|[none]
		{7ED39DB2-4544-43D1-9528-5043310BDCC9}.Debug|iOS Phone.ActiveCfg = debug|xamarin.ios.phone
		{7ED39DB2-4544-43D1-9528-5043310BDCC9}.Debug|iOS Phone.Build.0 = debug|xamarin.ios.phone
		{7ED39DB2-4544-43D1-9528-5043310BDCC9}.Debug|iOS Simulator.ActiveCfg = debug|xamarin.ios.sim
		{7ED39DB2-4544-43D1-9528-5043310BDCC9}.Debug|iOS Simulator.Build.0 = debug|xamarin.ios.sim
		{7ED39DB2-4544-43D1-9528-5043310BDCC9}.Debug|Win Phone (x86).ActiveCfg = debug|[none]
		{7ED39DB2-4544-43D1-9528-5043310BDCC9}.Debug|Win Tablet (ARM).ActiveCfg = debug|[none]
		{7ED39DB2-4544-43D1-9528-5043310BDCC9}.Debug|Win Tablet (x64).ActiveCfg = debug|[none]
		{7ED39DB2-4544-43D1-9528-5043310BDCC9}.Debug|Win Tablet (x86).ActiveCfg = debug|[none]
		{7ED39DB2-4544-43D1-9528-5043310BDCC9}.Debug|Win UAP (ARM).ActiveCfg = debug|[none]
		{7ED39DB2-4544-43D1-9528-5043310BDCC9}.Debug|Win UAP (x64).ActiveCfg = debug|[none]
		{7ED39DB2-4544-43D1-9528-5043310BDCC9}.Debug|Win UAP (x86).ActiveCfg = debug|[none]
		{7ED39DB2-4544-43D1-9528-5043310BDCC9}.Release|Android.ActiveCfg = release|[none]
		{7ED39DB2-4544-43D1-9528-5043310BDCC9}.Release|iOS Phone.ActiveCfg = release|xamarin.ios.phone
		{7ED39DB2-4544-43D1-9528-5043310BDCC9}.Release|iOS Phone.Build.0 = release|xamarin.ios.phone
		{7ED39DB2-4544-43D1-9528-5043310BDCC9}.Release|iOS Simulator.ActiveCfg = release|xamarin.ios.sim
		{7ED39DB2-4544-43D1-9528-5043310BDCC9}.Release|iOS Simulator.Build.0 = release|xamarin.ios.sim
		{7ED39DB2-4544-43D1-9528-5043310BDCC9}.Release|Win Phone (x86).ActiveCfg = release|[none]
		{7ED39DB2-4544-43D1-9528-5043310BDCC9}.Release|Win Tablet (ARM).ActiveCfg = release|[none]
		{7ED39DB2-4544-43D1-9528-5043310BDCC9}.Release|Win Tablet (x64).ActiveCfg = release|[none]
		{7ED39DB2-4544-43D1-9528-5043310BDCC9}.Release|Win Tablet (x86).ActiveCfg = release|[none]
		{7ED39DB2-4544-43D1-9528-5043310BDCC9}.Release|Win UAP (ARM).ActiveCfg = release|[none]
		{7ED39DB2-4544-43D1-9528-5043310BDCC9}.Release|Win UAP (x64).ActiveCfg = release|[none]
		{7ED39DB2-4544-43D1-9528-5043310BDCC9}.Release|Win UAP (x86).ActiveCfg = release|[none]
		{36652A04-514D-4626-92FE-AE5A89E5C159}.Debug|Android.ActiveCfg = Debug|[none]
		{36652A04-514D-4626-92FE-AE5A89E5C159}.Debug|iOS Phone.ActiveCfg = Debug|[none]
		{36652A04-514D-4626-92FE-AE5A89E5C159}.Debug|iOS Simulator.ActiveCfg = Debug|[none]
		{36652A04-514D-4626-92FE-AE5A89E5C159}.Debug|Win Phone (x86).ActiveCfg = debug|wpa.32
		{36652A04-514D-4626-92FE-AE5A89E5C159}.Debug|Win Phone (x86).Build.0 = debug|wpa.32
		{36652A04-514D-4626-92FE-AE5A89E5C159}.Debug|Win Tablet (ARM).ActiveCfg = Debug|[none]
		{36652A04-514D-4626-92FE-AE5A89E5C159}.Debug|Win Tablet (x64).ActiveCfg = Debug|[none]
		{36652A04-514D-4626-92FE-AE5A89E5C159}.Debug|Win Tablet (x86).ActiveCfg = Debug|[none]
		{36652A04-514D-4626-92FE-AE5A89E5C159}.Debug|Win UAP (ARM).ActiveCfg = Debug|[none]
		{36652A04-514D-4626-92FE-AE5A89E5C159}.Debug|Win UAP (x64).ActiveCfg = Debug|[none]
		{36652A04-514D-4626-92FE-AE5A89E5C159}.Debug|Win UAP (x86).ActiveCfg = Debug|[none]
		{36652A04-514D-4626-92FE-AE5A89E5C159}.Release|Android.ActiveCfg = Release|[none]
		{36652A04-514D-4626-92FE-AE5A89E5C159}.Release|iOS Phone.ActiveCfg = Release|[none]
		{36652A04-514D-4626-92FE-AE5A89E5C159}.Release|iOS Simulator.ActiveCfg = Release|[none]
		{36652A04-514D-4626-92FE-AE5A89E5C159}.Release|Win Phone (x86).ActiveCfg = release|wpa.32
		{36652A04-514D-4626-92FE-AE5A89E5C159}.Release|Win Phone (x86).Build.0 = release|wpa.32
		{36652A04-514D-4626-92FE-AE5A89E5C159}.Release|Win Tablet (ARM).ActiveCfg = Release|[none]
		{36652A04-514D-4626-92FE-AE5A89E5C159}.Release|Win Tablet (x64).ActiveCfg = Release|[none]
		{36652A04-514D-4626-92FE-AE5A89E5C159}.Release|Win Tablet (x86).ActiveCfg = Release|[none]
		{36652A04-514D-4626-92FE-AE5A89E5C159}.Release|Win UAP (ARM).ActiveCfg = Release|[none]
		{36652A04-514D-4626-92FE-AE5A89E5C159}.Release|Win UAP (x64).ActiveCfg = Release|[none]
		{36652A04-514D-4626-92FE-AE5A89E5C159}.Release|Win UAP (x86).ActiveCfg = Release|[none]
		{2D7856D7-EA47-4C23-8141-804272EC672E}.Debug|Android.ActiveCfg = Debug|[none]
		{2D7856D7-EA47-4C23-8141-804272EC672E}.Debug|iOS Phone.ActiveCfg = Debug|[none]
		{2D7856D7-EA47-4C23-8141-804272EC672E}.Debug|iOS Simulator.ActiveCfg = Debug|[none]
		{2D7856D7-EA47-4C23-8141-804272EC672E}.Debug|Win Phone (x86).ActiveCfg = Debug|[none]
		{2D7856D7-EA47-4C23-8141-804272EC672E}.Debug|Win Tablet (ARM).ActiveCfg = debug|win.arm
		{2D7856D7-EA47-4C23-8141-804272EC672E}.Debug|Win Tablet (ARM).Build.0 = debug|win.arm
		{2D7856D7-EA47-4C23-8141-804272EC672E}.Debug|Win Tablet (x64).ActiveCfg = debug|win.64
		{2D7856D7-EA47-4C23-8141-804272EC672E}.Debug|Win Tablet (x64).Build.0 = debug|win.64
		{2D7856D7-EA47-4C23-8141-804272EC672E}.Debug|Win Tablet (x86).ActiveCfg = debug|win.32
		{2D7856D7-EA47-4C23-8141-804272EC672E}.Debug|Win Tablet (x86).Build.0 = debug|win.32
		{2D7856D7-EA47-4C23-8141-804272EC672E}.Debug|Win UAP (ARM).ActiveCfg = Debug|[none]
		{2D7856D7-EA47-4C23-8141-804272EC672E}.Debug|Win UAP (x64).ActiveCfg = Debug|[none]
		{2D7856D7-EA47-4C23-8141-804272EC672E}.Debug|Win UAP (x86).ActiveCfg = Debug|[none]
		{2D7856D7-EA47-4C23-8141-804272EC672E}.Release|Android.ActiveCfg = Release|[none]
		{2D7856D7-EA47-4C23-8141-804272EC672E}.Release|iOS Phone.ActiveCfg = Release|[none]
		{2D7856D7-EA47-4C23-8141-804272EC672E}.Release|iOS Simulator.ActiveCfg = Release|[none]
		{2D7856D7-EA47-4C23-8141-804272EC672E}.Release|Win Phone (x86).ActiveCfg = Release|[none]
		{2D7856D7-EA47-4C23-8141-804272EC672E}.Release|Win Tablet (ARM).ActiveCfg = release|win.arm
		{2D7856D7-EA47-4C23-8141-804272EC672E}.Release|Win Tablet (ARM).Build.0 = release|win.arm
		{2D7856D7-EA47-4C23-8141-804272EC672E}.Release|Win Tablet (x64).ActiveCfg = release|win.64
		{2D7856D7-EA47-4C23-8141-804272EC672E}.Release|Win Tablet (x64).Build.0 = release|win.64
		{2D7856D7-EA47-4C23-8141-804272EC672E}.Release|Win Tablet (x86).ActiveCfg = release|win.32
		{2D7856D7-EA47-4C23-8141-804272EC672E}.Release|Win Tablet (x86).Build.0 = release|win.32
		{2D7856D7-EA47-4C23-8141-804272EC672E}.Release|Win UAP (ARM).ActiveCfg = Release|[none]
		{2D7856D7-EA47-4C23-8141-804272EC672E}.Release|Win UAP (x64).ActiveCfg = Release|[none]
		{2D7856D7-EA47-4C23-8141-804272EC672E}.Release|Win UAP (x86).ActiveCfg = Release|[none]
		{DA7C5A33-EA06-4CBB-9D05-C843A885A925}.Debug|Android.ActiveCfg = debug|Any CPU
		{DA7C5A33-EA06-4CBB-9D05-C843A885A925}.Debug|Android.Build.0 = debug|Any CPU
		{DA7C5A33-EA06-4CBB-9D05-C843A885A925}.Debug|Android.Deploy.0 = debug|Any CPU
		{DA7C5A33-EA06-4CBB-9D05-C843A885A925}.Debug|iOS Phone.ActiveCfg = debug|[none]
		{DA7C5A33-EA06-4CBB-9D05-C843A885A925}.Debug|iOS Simulator.ActiveCfg = debug|[none]
		{DA7C5A33-EA06-4CBB-9D05-C843A885A925}.Debug|Win Phone (x86).ActiveCfg = debug|[none]
		{DA7C5A33-EA06-4CBB-9D05-C843A885A925}.Debug|Win Tablet (ARM).ActiveCfg = debug|[none]
		{DA7C5A33-EA06-4CBB-9D05-C843A885A925}.Debug|Win Tablet (x64).ActiveCfg = debug|[none]
		{DA7C5A33-EA06-4CBB-9D05-C843A885A925}.Debug|Win Tablet (x86).ActiveCfg = debug|[none]
		{DA7C5A33-EA06-4CBB-9D05-C843A885A925}.Debug|Win UAP (ARM).ActiveCfg = debug|[none]
		{DA7C5A33-EA06-4CBB-9D05-C843A885A925}.Debug|Win UAP (x64).ActiveCfg = debug|[none]
		{DA7C5A33-EA06-4CBB-9D05-C843A885A925}.Debug|Win UAP (x86).ActiveCfg = debug|[none]
		{DA7C5A33-EA06-4CBB-9D05-C843A885A925}.Release|Android.ActiveCfg = release|Any CPU
		{DA7C5A33-EA06-4CBB-9D05-C843A885A925}.Release|Android.Build.0 = release|Any CPU
		{DA7C5A33-EA06-4CBB-9D05-C843A885A925}.Release|Android.Deploy.0 = release|Any CPU
		{DA7C5A33-EA06-4CBB-9D05-C843A885A925}.Release|iOS Phone.ActiveCfg = release|[none]
		{DA7C5A33-EA06-4CBB-9D05-C843A885A925}.Release|iOS Simulator.ActiveCfg = release|[none]
		{DA7C5A33-EA06-4CBB-9D05-C843A885A925}.Release|Win Phone (x86).ActiveCfg = release|[none]
		{DA7C5A33-EA06-4CBB-9D05-C843A885A925}.Release|Win Tablet (ARM).ActiveCfg = release|[none]
		{DA7C5A33-EA06-4CBB-9D05-C843A885A925}.Release|Win Tablet (x64).ActiveCfg = release|[none]
		{DA7C5A33-EA06-4CBB-9D05-C843A885A925}.Release|Win Tablet (x86).ActiveCfg = release|[none]
		{DA7C5A33-EA06-4CBB-9D05-C843A885A925}.Release|Win UAP (ARM).ActiveCfg = release|[none]
		{DA7C5A33-EA06-4CBB-9D05-C843A885A925}.Release|Win UAP (x64).ActiveCfg = release|[none]
		{DA7C5A33-EA06-4CBB-9D05-C843A885A925}.Release|Win UAP (x86).ActiveCfg = release|[none]
		{2E151525-AC35-4711-B418-C360F8B34931}.Debug|Android.ActiveCfg = debug|[none]
		{2E151525-AC35-4711-B418-C360F8B34931}.Debug|iOS Phone.ActiveCfg = debug|iPhone
		{2E151525-AC35-4711-B418-C360F8B34931}.Debug|iOS Phone.Build.0 = debug|iPhone
		{2E151525-AC35-4711-B418-C360F8B34931}.Debug|iOS Simulator.ActiveCfg = debug|iPhoneSimulator
		{2E151525-AC35-4711-B418-C360F8B34931}.Debug|iOS Simulator.Build.0 = debug|iPhoneSimulator
		{2E151525-AC35-4711-B418-C360F8B34931}.Debug|Win Phone (x86).ActiveCfg = debug|[none]
		{2E151525-AC35-4711-B418-C360F8B34931}.Debug|Win Tablet (ARM).ActiveCfg = debug|[none]
		{2E151525-AC35-4711-B418-C360F8B34931}.Debug|Win Tablet (x64).ActiveCfg = debug|[none]
		{2E151525-AC35-4711-B418-C360F8B34931}.Debug|Win Tablet (x86).ActiveCfg = debug|[none]
		{2E151525-AC35-4711-B418-C360F8B34931}.Debug|Win UAP (ARM).ActiveCfg = debug|[none]
		{2E151525-AC35-4711-B418-C360F8B34931}.Debug|Win UAP (x64).ActiveCfg = debug|[none]
		{2E151525-AC35-4711-B418-C360F8B34931}.Debug|Win UAP (x86).ActiveCfg = debug|[none]
		{2E151525-AC35-4711-B418-C360F8B34931}.Release|Android.ActiveCfg = release|[none]
		{2E151525-AC35-4711-B418-C360F8B34931}.Release|iOS Phone.ActiveCfg = release|iPhone
		{2E151525-AC35-4711-B418-C360F8B34931}.Release|iOS Phone.Build.0 = release|iPhone
		{2E151525-AC35-4711-B418-C360F8B34931}.Release|iOS Simulator.ActiveCfg = release|iPhoneSimulator
		{2E151525-AC35-4711-B418-C360F8B34931}.Release|iOS Simulator.Build.0 = release|iPhoneSimulator
		{2E151525-AC35-4711-B418-C360F8B34931}.Release|Win Phone (x86).ActiveCfg = release|[none]
		{2E151525-AC35-4711-B418-C360F8B34931}.Release|Win Tablet (ARM).ActiveCfg = release|[none]
		{2E151525-AC35-4711-B418-C360F8B34931}.Release|Win Tablet (x64).ActiveCfg = release|[none]
		{2E151525-AC35-4711-B418-C360F8B34931}.Release|Win Tablet (x86).ActiveCfg = release|[none]
		{2E151525-AC35-4711-B418-C360F8B34931}.Release|Win UAP (ARM).ActiveCfg = release|[none]
		{2E151525-AC35-4711-B418-C360F8B34931}.Release|Win UAP (x64).ActiveCfg = release|[none]
		{2E151525-AC35-4711-B418-C360F8B34931}.Release|Win UAP (x86).ActiveCfg = release|[none]
		{563B6AD6-AD53-46E8-9B67-D04669A57E25}.Debug|Android.ActiveCfg = Debug|[none]
		{563B6AD6-AD53-46E8-9B67-D04669A57E25}.Debug|iOS Phone.ActiveCfg = Debug|[none]
		{563B6AD6-AD53-46E8-9B67-D04669A57E25}.Debug|iOS Simulator.ActiveCfg = Debug|[none]
		{563B6AD6-AD53-46E8-9B67-D04669A57E25}.Debug|Win Phone (x86).ActiveCfg = Debug|[none]
		{563B6AD6-AD53-46E8-9B67-D04669A57E25}.Debug|Win Tablet (ARM).ActiveCfg = debug|ARM
		{563B6AD6-AD53-46E8-9B67-D04669A57E25}.Debug|Win Tablet (ARM).Build.0 = debug|ARM
		{563B6AD6-AD53-46E8-9B67-D04669A57E25}.Debug|Win Tablet (ARM).Deploy.0 = debug|ARM
		{563B6AD6-AD53-46E8-9B67-D04669A57E25}.Debug|Win Tablet (x64).ActiveCfg = debug|x64
		{563B6AD6-AD53-46E8-9B67-D04669A57E25}.Debug|Win Tablet (x64).Build.0 = debug|x64
		{563B6AD6-AD53-46E8-9B67-D04669A57E25}.Debug|Win Tablet (x64).Deploy.0 = debug|x64
		{563B6AD6-AD53-46E8-9B67-D04669A57E25}.Debug|Win Tablet (x86).ActiveCfg = debug|x86
		{563B6AD6-AD53-46E8-9B67-D04669A57E25}.Debug|Win Tablet (x86).Build.0 = debug|x86
		{563B6AD6-AD53-46E8-9B67-D04669A57E25}.Debug|Win Tablet (x86).Deploy.0 = debug|x86
		{563B6AD6-AD53-46E8-9B67-D04669A57E25}.Debug|Win UAP (ARM).ActiveCfg = Debug|[none]
		{563B6AD6-AD53-46E8-9B67-D04669A57E25}.Debug|Win UAP (ARM).Deploy.0 = Debug|[none]
		{563B6AD6-AD53-46E8-9B67-D04669A57E25}.Debug|Win UAP (x64).ActiveCfg = Debug|[none]
		{563B6AD6-AD53-46E8-9B67-D04669A57E25}.Debug|Win UAP (x64).Deploy.0 = Debug|[none]
		{563B6AD6-AD53-46E8-9B67-D04669A57E25}.Debug|Win UAP (x86).ActiveCfg = Debug|[none]
		{563B6AD6-AD53-46E8-9B67-D04669A57E25}.Debug|Win UAP (x86).Deploy.0 = Debug|[none]
		{563B6AD6-AD53-46E8-9B67-D04669A57E25}.Release|Android.ActiveCfg = Release|[none]
		{563B6AD6-AD53-46E8-9B67-D04669A57E25}.Release|iOS Phone.ActiveCfg = Release|[none]
		{563B6AD6-AD53-46E8-9B67-D04669A57E25}.Release|iOS Simulator.ActiveCfg = Release|[none]
		{563B6AD6-AD53-46E8-9B67-D04669A57E25}.Release|Win Phone (x86).ActiveCfg = Release|[none]
		{563B6AD6-AD53-46E8-9B67-D04669A57E25}.Release|Win Tablet (ARM).ActiveCfg = release|ARM
		{563B6AD6-AD53-46E8-9B67-D04669A57E25}.Release|Win Tablet (ARM).Build.0 = release|ARM
		{563B6AD6-AD53-46E8-9B67-D04669A57E25}.Release|Win Tablet (ARM).Deploy.0 = release|ARM
		{563B6AD6-AD53-46E8-9B67-D04669A57E25}.Release|Win Tablet (x64).ActiveCfg = release|x64
		{563B6AD6-AD53-46E8-9B67-D04669A57E25}.Release|Win Tablet (x64).Build.0 = release|x64
		{563B6AD6-AD53-46E8-9B67-D04669A57E25}.Release|Win Tablet (x64).Deploy.0 = release|x64
		{563B6AD6-AD53-46E8-9B67-D04669A57E25}.Release|Win Tablet (x86).ActiveCfg = release|x86
		{563B6AD6-AD53-46E8-9B67-D04669A57E25}.Release|Win Tablet (x86).Build.0 = release|x86
		{563B6AD6-AD53-46E8-9B67-D04669A57E25}.Release|Win Tablet (x86).Deploy.0 = release|x86
		{563B6AD6-AD53-46E8-9B67-D04669A57E25}.Release|Win UAP (ARM).ActiveCfg = Release|[none]
		{563B6AD6-AD53-46E8-9B67-D04669A57E25}.Release|Win UAP (ARM).Deploy.0 = Release|[none]
		{563B6AD6-AD53-46E8-9B67-D04669A57E25}.Release|Win UAP (x64).ActiveCfg = Release|[none]
		{563B6AD6-AD53-46E8-9B67-D04669A57E25}.Release|Win UAP (x64).Deploy.0 = Release|[none]
		{563B6AD6-AD53-46E8-9B67-D04669A57E25}.Release|Win UAP (x86).ActiveCfg = Release|[none]
		{563B6AD6-AD53-46E8-9B67-D04669A57E25}.Release|Win UAP (x86).Deploy.0 = Release|[none]
		{0BDADB8F-5A5D-40E5-84A6-56CBA9D920AE}.Debug|Android.ActiveCfg = Debug|[none]
		{0BDADB8F-5A5D-40E5-84A6-56CBA9D920AE}.Debug|iOS Phone.ActiveCfg = Debug|[none]
		{0BDADB8F-5A5D-40E5-84A6-56CBA9D920AE}.Debug|iOS Simulator.ActiveCfg = Debug|[none]
		{0BDADB8F-5A5D-40E5-84A6-56CBA9D920AE}.Debug|Win Phone (x86).ActiveCfg = Debug|[none]
		{0BDADB8F-5A5D-40E5-84A6-56CBA9D920AE}.Debug|Win Tablet (ARM).ActiveCfg = Debug|[none]
		{0BDADB8F-5A5D-40E5-84A6-56CBA9D920AE}.Debug|Win Tablet (x64).ActiveCfg = Debug|[none]
		{0BDADB8F-5A5D-40E5-84A6-56CBA9D920AE}.Debug|Win Tablet (x86).ActiveCfg = Debug|[none]
		{0BDADB8F-5A5D-40E5-84A6-56CBA9D920AE}.Debug|Win UAP (ARM).ActiveCfg = Debug|ARM
		{0BDADB8F-5A5D-40E5-84A6-56CBA9D920AE}.Debug|Win UAP (ARM).Build.0 = Debug|ARM
		{0BDADB8F-5A5D-40E5-84A6-56CBA9D920AE}.Debug|Win UAP (ARM).Deploy.0 = Debug|ARM
		{0BDADB8F-5A5D-40E5-84A6-56CBA9D920AE}.Debug|Win UAP (x64).ActiveCfg = Debug|x64
		{0BDADB8F-5A5D-40E5-84A6-56CBA9D920AE}.Debug|Win UAP (x64).Build.0 = Debug|x64
		{0BDADB8F-5A5D-40E5-84A6-56CBA9D920AE}.Debug|Win UAP (x64).Deploy.0 = Debug|x64
		{0BDADB8F-5A5D-40E5-84A6-56CBA9D920AE}.Debug|Win UAP (x86).ActiveCfg = Debug|x86
		{0BDADB8F-5A5D-40E5-84A6-56CBA9D920AE}.Debug|Win UAP (x86).Build.0 = Debug|x86
		{0BDADB8F-5A5D-40E5-84A6-56CBA9D920AE}.Debug|Win UAP (x86).Deploy.0 = Debug|x86
		{0BDADB8F-5A5D-40E5-84A6-56CBA9D920AE}.Release|Android.ActiveCfg = Release|[none]
		{0BDADB8F-5A5D-40E5-84A6-56CBA9D920AE}.Release|iOS Phone.ActiveCfg = Release|[none]
		{0BDADB8F-5A5D-40E5-84A6-56CBA9D920AE}.Release|iOS Simulator.ActiveCfg = Release|[none]
		{0BDADB8F-5A5D-40E5-84A6-56CBA9D920AE}.Release|Win Phone (x86).ActiveCfg = Release|[none]
		{0BDADB8F-5A5D-40E5-84A6-56CBA9D920AE}.Release|Win Tablet (ARM).ActiveCfg = Release|[none]
		{0BDADB8F-5A5D-40E5-84A6-56CBA9D920AE}.Release|Win Tablet (x64).ActiveCfg = Release|[none]
		{0BDADB8F-5A5D-40E5-84A6-56CBA9D920AE}.Release|Win Tablet (x86).ActiveCfg = Release|[none]
		{0BDADB8F-5A5D-40E5-84A6-56CBA9D920AE}.Release|Win UAP (ARM).ActiveCfg = Release|ARM
		{0BDADB8F-5A5D-40E5-84A6-56CBA9D920AE}.Release|Win UAP (ARM).Build.0 = Release|ARM
		{0BDADB8F-5A5D-40E5-84A6-56CBA9D920AE}.Release|Win UAP (ARM).Deploy.0 = Release|ARM
		{0BDADB8F-5A5D-40E5-84A6-56CBA9D920AE}.Release|Win UAP (x64).ActiveCfg = Release|x64
		{0BDADB8F-5A5D-40E5-84A6-56CBA9D920AE}.Release|Win UAP (x64).Build.0 = Release|x64
		{0BDADB8F-5A5D-40E5-84A6-56CBA9D920AE}.Release|Win UAP (x64).Deploy.0 = Release|x64
		{0BDADB8F-5A5D-40E5-84A6-56CBA9D920AE}.Release|Win UAP (x86).ActiveCfg = Release|x86
		{0BDADB8F-5A5D-40E5-84A6-56CBA9D920AE}.Release|Win UAP (x86).Build.0 = Release|x86
		{0BDADB8F-5A5D-40E5-84A6-56CBA9D920AE}.Release|Win UAP (x86).Deploy.0 = Release|x86
		{FDF93218-C057-49EC-8567-EB60A17A5C81}.Debug|Android.ActiveCfg = debug|[none]
		{FDF93218-C057-49EC-8567-EB60A17A5C81}.Debug|iOS Phone.ActiveCfg = debug|[none]
		{FDF93218-C057-49EC-8567-EB60A17A5C81}.Debug|iOS Simulator.ActiveCfg = debug|[none]
		{FDF93218-C057-49EC-8567-EB60A17A5C81}.Debug|Win Phone (x86).ActiveCfg = debug|[none]
		{FDF93218-C057-49EC-8567-EB60A17A5C81}.Debug|Win Tablet (ARM).ActiveCfg = debug|[none]
		{FDF93218-C057-49EC-8567-EB60A17A5C81}.Debug|Win Tablet (x64).ActiveCfg = debug|[none]
		{FDF93218-C057-49EC-8567-EB60A17A5C81}.Debug|Win Tablet (x86).ActiveCfg = debug|[none]
		{FDF93218-C057-49EC-8567-EB60A17A5C81}.Debug|Win UAP (ARM).ActiveCfg = debug|uap.ARM
		{FDF93218-C057-49EC-8567-EB60A17A5C81}.Debug|Win UAP (ARM).Build.0 = debug|uap.ARM
		{FDF93218-C057-49EC-8567-EB60A17A5C81}.Debug|Win UAP (x64).ActiveCfg = debug|uap.64
		{FDF93218-C057-49EC-8567-EB60A17A5C81}.Debug|Win UAP (x64).Build.0 = debug|uap.64
		{FDF93218-C057-49EC-8567-EB60A17A5C81}.Debug|Win UAP (x86).ActiveCfg = debug|uap.32
		{FDF93218-C057-49EC-8567-EB60A17A5C81}.Debug|Win UAP (x86).Build.0 = debug|uap.32
		{FDF93218-C057-49EC-8567-EB60A17A5C81}.Release|Android.ActiveCfg = release|[none]
		{FDF93218-C057-49EC-8567-EB60A17A5C81}.Release|iOS Phone.ActiveCfg = release|[none]
		{FDF93218-C057-49EC-8567-EB60A17A5C81}.Release|iOS Simulator.ActiveCfg = release|[none]
		{FDF93218-C057-49EC-8567-EB60A17A5C81}.Release|Win Phone (x86).ActiveCfg = release|[none]
		{FDF93218-C057-49EC-8567-EB60A17A5C81}.Release|Win Tablet (ARM).ActiveCfg = release|[none]
		{FDF93218-C057-49EC-8567-EB60A17A5C81}.Release|Win Tablet (x64).ActiveCfg = release|[none]
		{FDF93218-C057-49EC-8567-EB60A17A5C81}.Release|Win Tablet (x86).ActiveCfg = release|[none]
		{FDF93218-C057-49EC-8567-EB60A17A5C81}.Release|Win UAP (ARM).ActiveCfg = release|uap.ARM
		{FDF93218-C057-49EC-8567-EB60A17A5C81}.Release|Win UAP (ARM).Build.0 = release|uap.ARM
		{FDF93218-C057-49EC-8567-EB60A17A5C81}.Release|Win UAP (x64).ActiveCfg = release|uap.64
		{FDF93218-C057-49EC-8567-EB60A17A5C81}.Release|Win UAP (x64).Build.0 = release|uap.64
		{FDF93218-C057-49EC-8567-EB60A17A5C81}.Release|Win UAP (x86).ActiveCfg = release|uap.32
		{FDF93218-C057-49EC-8567-EB60A17A5C81}.Release|Win UAP (x86).Build.0 = release|uap.32
		{FDF93218-C057-49EC-8567-EB60A17A5C81}.Release|Win UAP (x86).Deploy.0 = release|uap.32
		{F175C9BF-6450-471F-A1C5-02D8A30E2E04}.Debug|Android.ActiveCfg = debug|[none]
		{F175C9BF-6450-471F-A1C5-02D8A30E2E04}.Debug|iOS Phone.ActiveCfg = debug|[none]
		{F175C9BF-6450-471F-A1C5-02D8A30E2E04}.Debug|iOS Simulator.ActiveCfg = debug|[none]
		{F175C9BF-6450-471F-A1C5-02D8A30E2E04}.Debug|Win Phone (x86).ActiveCfg = debug|x86
		{F175C9BF-6450-471F-A1C5-02D8A30E2E04}.Debug|Win Phone (x86).Build.0 = debug|x86
		{F175C9BF-6450-471F-A1C5-02D8A30E2E04}.Debug|Win Phone (x86).Deploy.0 = debug|x86
		{F175C9BF-6450-471F-A1C5-02D8A30E2E04}.Debug|Win Tablet (ARM).ActiveCfg = debug|[none]
		{F175C9BF-6450-471F-A1C5-02D8A30E2E04}.Debug|Win Tablet (x64).ActiveCfg = debug|[none]
		{F175C9BF-6450-471F-A1C5-02D8A30E2E04}.Debug|Win Tablet (x86).ActiveCfg = debug|[none]
		{F175C9BF-6450-471F-A1C5-02D8A30E2E04}.Debug|Win UAP (ARM).ActiveCfg = debug|[none]
		{F175C9BF-6450-471F-A1C5-02D8A30E2E04}.Debug|Win UAP (x64).ActiveCfg = debug|[none]
		{F175C9BF-6450-471F-A1C5-02D8A30E2E04}.Debug|Win UAP (x86).ActiveCfg = debug|[none]
		{F175C9BF-6450-471F-A1C5-02D8A30E2E04}.Release|Android.ActiveCfg = release|[none]
		{F175C9BF-6450-471F-A1C5-02D8A30E2E04}.Release|iOS Phone.ActiveCfg = release|[none]
		{F175C9BF-6450-471F-A1C5-02D8A30E2E04}.Release|iOS Simulator.ActiveCfg = release|[none]
		{F175C9BF-6450-471F-A1C5-02D8A30E2E04}.Release|Win Phone (x86).ActiveCfg = release|x86
		{F175C9BF-6450-471F-A1C5-02D8A30E2E04}.Release|Win Phone (x86).Build.0 = release|x86
		{F175C9BF-6450-471F-A1C5-02D8A30E2E04}.Release|Win Phone (x86).Deploy.0 = release|x86
		{F175C9BF-6450-471F-A1C5-02D8A30E2E04}.Release|Win Tablet (ARM).ActiveCfg = release|[none]
		{F175C9BF-6450-471F-A1C5-02D8A30E2E04}.Release|Win Tablet (x64).ActiveCfg = release|[none]
		{F175C9BF-6450-471F-A1C5-02D8A30E2E04}.Release|Win Tablet (x86).ActiveCfg = release|[none]
		{F175C9BF-6450-471F-A1C5-02D8A30E2E04}.Release|Win UAP (ARM).ActiveCfg = release|[none]
		{F175C9BF-6450-471F-A1C5-02D8A30E2E04}.Release|Win UAP (x64).ActiveCfg = release|[none]
		{F175C9BF-6450-471F-A1C5-02D8A30E2E04}.Release|Win UAP (x86).ActiveCfg = release|[none]
	EndGlobalSection
	GlobalSection(SolutionProperties) = preSolution
		HideSolutionNode = FALSE
	EndGlobalSection
	GlobalSection(NestedProjects) = preSolution
		{0E86711A-7FC8-4B36-8095-81632B726A06} = {5C1DA352-D1AA-4DB9-9622-C4D07E456C85}
		{B58EA25C-F476-4B84-A88B-7D5AF2E89476} = {5C1DA352-D1AA-4DB9-9622-C4D07E456C85}
		{7ED39DB2-4544-43D1-9528-5043310BDCC9} = {5C1DA352-D1AA-4DB9-9622-C4D07E456C85}
		{36652A04-514D-4626-92FE-AE5A89E5C159} = {5C1DA352-D1AA-4DB9-9622-C4D07E456C85}
		{2D7856D7-EA47-4C23-8141-804272EC672E} = {5C1DA352-D1AA-4DB9-9622-C4D07E456C85}
		{DA7C5A33-EA06-4CBB-9D05-C843A885A925} = {5C1DA352-D1AA-4DB9-9622-C4D07E456C85}
		{2E151525-AC35-4711-B418-C360F8B34931} = {5C1DA352-D1AA-4DB9-9622-C4D07E456C85}
		{563B6AD6-AD53-46E8-9B67-D04669A57E25} = {5C1DA352-D1AA-4DB9-9622-C4D07E456C85}
		{0BDADB8F-5A5D-40E5-84A6-56CBA9D920AE} = {5C1DA352-D1AA-4DB9-9622-C4D07E456C85}
		{FDF93218-C057-49EC-8567-EB60A17A5C81} = {5C1DA352-D1AA-4DB9-9622-C4D07E456C85}
		{F175C9BF-6450-471F-A1C5-02D8A30E2E04} = {5C1DA352-D1AA-4DB9-9622-C4D07E456C85}
	EndGlobalSection
EndGlobal
